// !$*UTF8*$!
{
	archiveVersion = 1;
	classes = {
	};
	objectVersion = 46;
	objects = {

/* Begin PBXBuildFile section */
		D8C5AB201AD9A05F00CF6DE1 /* AppDelegate.swift in Sources */ = {isa = PBXBuildFile; fileRef = D8C5AB1F1AD9A05F00CF6DE1 /* AppDelegate.swift */; };
		D8C5AB221AD9A05F00CF6DE1 /* ViewController.swift in Sources */ = {isa = PBXBuildFile; fileRef = D8C5AB211AD9A05F00CF6DE1 /* ViewController.swift */; };
		D8C5AB251AD9A05F00CF6DE1 /* Main.storyboard in Resources */ = {isa = PBXBuildFile; fileRef = D8C5AB231AD9A05F00CF6DE1 /* Main.storyboard */; };
		D8C5AB271AD9A05F00CF6DE1 /* Images.xcassets in Resources */ = {isa = PBXBuildFile; fileRef = D8C5AB261AD9A05F00CF6DE1 /* Images.xcassets */; };
		D8C5AB2A1AD9A06000CF6DE1 /* LaunchScreen.xib in Resources */ = {isa = PBXBuildFile; fileRef = D8C5AB281AD9A06000CF6DE1 /* LaunchScreen.xib */; };
		D8C5AB361AD9A06000CF6DE1 /* Table_ViewsTests.swift in Sources */ = {isa = PBXBuildFile; fileRef = D8C5AB351AD9A06000CF6DE1 /* Table_ViewsTests.swift */; };
/* End PBXBuildFile section */

/* Begin PBXContainerItemProxy section */
		D8C5AB301AD9A06000CF6DE1 /* PBXContainerItemProxy */ = {
			isa = PBXContainerItemProxy;
			containerPortal = D8C5AB121AD9A05F00CF6DE1 /* Project object */;
			proxyType = 1;
			remoteGlobalIDString = D8C5AB191AD9A05F00CF6DE1;
			remoteInfo = "Table Views";
		};
/* End PBXContainerItemProxy section */

/* Begin PBXFileReference section */
		D8C5AB1A1AD9A05F00CF6DE1 /* Table Views.app */ = {isa = PBXFileReference; explicitFileType = wrapper.application; includeInIndex = 0; path = "Table Views.app"; sourceTree = BUILT_PRODUCTS_DIR; };
		D8C5AB1E1AD9A05F00CF6DE1 /* Info.plist */ = {isa = PBXFileReference; lastKnownFileType = text.plist.xml; path = Info.plist; sourceTree = "<group>"; };
		D8C5AB1F1AD9A05F00CF6DE1 /* AppDelegate.swift */ = {isa = PBXFileReference; lastKnownFileType = sourcecode.swift; path = AppDelegate.swift; sourceTree = "<group>"; };
		D8C5AB211AD9A05F00CF6DE1 /* ViewController.swift */ = {isa = PBXFileReference; lastKnownFileType = sourcecode.swift; path = ViewController.swift; sourceTree = "<group>"; };
		D8C5AB241AD9A05F00CF6DE1 /* Base */ = {isa = PBXFileReference; lastKnownFileType = file.storyboard; name = Base; path = Base.lproj/Main.storyboard; sourceTree = "<group>"; };
		D8C5AB261AD9A05F00CF6DE1 /* Images.xcassets */ = {isa = PBXFileReference; lastKnownFileType = folder.assetcatalog; path = Images.xcassets; sourceTree = "<group>"; };
		D8C5AB291AD9A06000CF6DE1 /* Base */ = {isa = PBXFileReference; lastKnownFileType = file.xib; name = Base; path = Base.lproj/LaunchScreen.xib; sourceTree = "<group>"; };
		D8C5AB2F1AD9A06000CF6DE1 /* Table ViewsTests.xctest */ = {isa = PBXFileReference; explicitFileType = wrapper.cfbundle; includeInIndex = 0; path = "Table ViewsTests.xctest"; sourceTree = BUILT_PRODUCTS_DIR; };
		D8C5AB341AD9A06000CF6DE1 /* Info.plist */ = {isa = PBXFileReference; lastKnownFileType = text.plist.xml; path = Info.plist; sourceTree = "<group>"; };
		D8C5AB351AD9A06000CF6DE1 /* Table_ViewsTests.swift */ = {isa = PBXFileReference; lastKnownFileType = sourcecode.swift; path = Table_ViewsTests.swift; sourceTree = "<group>"; };
/* End PBXFileReference section */

/* Begin PBXFrameworksBuildPhase section */
		D8C5AB171AD9A05F00CF6DE1 /* Frameworks */ = {
			isa = PBXFrameworksBuildPhase;
			buildActionMask = 2147483647;
			files = (
			);
			runOnlyForDeploymentPostprocessing = 0;
		};
		D8C5AB2C1AD9A06000CF6DE1 /* Frameworks */ = {
			isa = PBXFrameworksBuildPhase;
			buildActionMask = 2147483647;
			files = (
			);
			runOnlyForDeploymentPostprocessing = 0;
		};
/* End PBXFrameworksBuildPhase section */

/* Begin PBXGroup section */
		D8C5AB111AD9A05F00CF6DE1 = {
			isa = PBXGroup;
			children = (
				D8C5AB1C1AD9A05F00CF6DE1 /* Table Views */,
				D8C5AB321AD9A06000CF6DE1 /* Table ViewsTests */,
				D8C5AB1B1AD9A05F00CF6DE1 /* Products */,
			);
			sourceTree = "<group>";
		};
		D8C5AB1B1AD9A05F00CF6DE1 /* Products */ = {
			isa = PBXGroup;
			children = (
				D8C5AB1A1AD9A05F00CF6DE1 /* Table Views.app */,
				D8C5AB2F1AD9A06000CF6DE1 /* Table ViewsTests.xctest */,
			);
			name = Products;
			sourceTree = "<group>";
		};
		D8C5AB1C1AD9A05F00CF6DE1 /* Table Views */ = {
			isa = PBXGroup;
			children = (
				D8C5AB1F1AD9A05F00CF6DE1 /* AppDelegate.swift */,
				D8C5AB211AD9A05F00CF6DE1 /* ViewController.swift */,
				D8C5AB231AD9A05F00CF6DE1 /* Main.storyboard */,
				D8C5AB261AD9A05F00CF6DE1 /* Images.xcassets */,
				D8C5AB281AD9A06000CF6DE1 /* LaunchScreen.xib */,
				D8C5AB1D1AD9A05F00CF6DE1 /* Supporting Files */,
			);
			path = "Table Views";
			sourceTree = "<group>";
		};
		D8C5AB1D1AD9A05F00CF6DE1 /* Supporting Files */ = {
			isa = PBXGroup;
			children = (
				D8C5AB1E1AD9A05F00CF6DE1 /* Info.plist */,
			);
			name = "Supporting Files";
			sourceTree = "<group>";
		};
		D8C5AB321AD9A06000CF6DE1 /* Table ViewsTests */ = {
			isa = PBXGroup;
			children = (
				D8C5AB351AD9A06000CF6DE1 /* Table_ViewsTests.swift */,
				D8C5AB331AD9A06000CF6DE1 /* Supporting Files */,
			);
			path = "Table ViewsTests";
			sourceTree = "<group>";
		};
		D8C5AB331AD9A06000CF6DE1 /* Supporting Files */ = {
			isa = PBXGroup;
			children = (
				D8C5AB341AD9A06000CF6DE1 /* Info.plist */,
			);
			name = "Supporting Files";
			sourceTree = "<group>";
		};
/* End PBXGroup section */

/* Begin PBXNativeTarget section */
		D8C5AB191AD9A05F00CF6DE1 /* Table Views */ = {
			isa = PBXNativeTarget;
			buildConfigurationList = D8C5AB391AD9A06000CF6DE1 /* Build configuration list for PBXNativeTarget "Table Views" */;
			buildPhases = (
				D8C5AB161AD9A05F00CF6DE1 /* Sources */,
				D8C5AB171AD9A05F00CF6DE1 /* Frameworks */,
				D8C5AB181AD9A05F00CF6DE1 /* Resources */,
			);
			buildRules = (
			);
			dependencies = (
			);
			name = "Table Views";
			productName = "Table Views";
			productReference = D8C5AB1A1AD9A05F00CF6DE1 /* Table Views.app */;
			productType = "com.apple.product-type.application";
		};
		D8C5AB2E1AD9A06000CF6DE1 /* Table ViewsTests */ = {
			isa = PBXNativeTarget;
			buildConfigurationList = D8C5AB3C1AD9A06000CF6DE1 /* Build configuration list for PBXNativeTarget "Table ViewsTests" */;
			buildPhases = (
				D8C5AB2B1AD9A06000CF6DE1 /* Sources */,
				D8C5AB2C1AD9A06000CF6DE1 /* Frameworks */,
				D8C5AB2D1AD9A06000CF6DE1 /* Resources */,
			);
			buildRules = (
			);
			dependencies = (
				D8C5AB311AD9A06000CF6DE1 /* PBXTargetDependency */,
			);
			name = "Table ViewsTests";
			productName = "Table ViewsTests";
			productReference = D8C5AB2F1AD9A06000CF6DE1 /* Table ViewsTests.xctest */;
			productType = "com.apple.product-type.bundle.unit-test";
		};
/* End PBXNativeTarget section */

/* Begin PBXProject section */
		D8C5AB121AD9A05F00CF6DE1 /* Project object */ = {
			isa = PBXProject;
			attributes = {
				LastUpgradeCheck = 0630;
				ORGANIZATIONNAME = "Joe Lucero";
				TargetAttributes = {
					D8C5AB191AD9A05F00CF6DE1 = {
						CreatedOnToolsVersion = 6.3;
					};
					D8C5AB2E1AD9A06000CF6DE1 = {
						CreatedOnToolsVersion = 6.3;
						TestTargetID = D8C5AB191AD9A05F00CF6DE1;
					};
				};
			};
			buildConfigurationList = D8C5AB151AD9A05F00CF6DE1 /* Build configuration list for PBXProject "Table Views" */;
			compatibilityVersion = "Xcode 3.2";
			developmentRegion = English;
			hasScannedForEncodings = 0;
			knownRegions = (
				en,
				Base,
			);
			mainGroup = D8C5AB111AD9A05F00CF6DE1;
			productRefGroup = D8C5AB1B1AD9A05F00CF6DE1 /* Products */;
			projectDirPath = "";
			projectRoot = "";
			targets = (
				D8C5AB191AD9A05F00CF6DE1 /* Table Views */,
				D8C5AB2E1AD9A06000CF6DE1 /* Table ViewsTests */,
			);
		};
/* End PBXProject section */

/* Begin PBXResourcesBuildPhase section */
		D8C5AB181AD9A05F00CF6DE1 /* Resources */ = {
			isa = PBXResourcesBuildPhase;
			buildActionMask = 2147483647;
			files = (
				D8C5AB251AD9A05F00CF6DE1 /* Main.storyboard in Resources */,
				D8C5AB2A1AD9A06000CF6DE1 /* LaunchScreen.xib in Resources */,
				D8C5AB271AD9A05F00CF6DE1 /* Images.xcassets in Resources */,
			);
			runOnlyForDeploymentPostprocessing = 0;
		};
		D8C5AB2D1AD9A06000CF6DE1 /* Resources */ = {
			isa = PBXResourcesBuildPhase;
			buildActionMask = 2147483647;
			files = (
			);
			runOnlyForDeploymentPostprocessing = 0;
		};
/* End PBXResourcesBuildPhase section */

/* Begin PBXSourcesBuildPhase section */
		D8C5AB161AD9A05F00CF6DE1 /* Sources */ = {
			isa = PBXSourcesBuildPhase;
			buildActionMask = 2147483647;
			files = (
				D8C5AB221AD9A05F00CF6DE1 /* ViewController.swift in Sources */,
				D8C5AB201AD9A05F00CF6DE1 /* AppDelegate.swift in Sources */,
			);
			runOnlyForDeploymentPostprocessing = 0;
		};
		D8C5AB2B1AD9A06000CF6DE1 /* Sources */ = {
			isa = PBXSourcesBuildPhase;
			buildActionMask = 2147483647;
			files = (
				D8C5AB361AD9A06000CF6DE1 /* Table_ViewsTests.swift in Sources */,
			);
			runOnlyForDeploymentPostprocessing = 0;
		};
/* End PBXSourcesBuildPhase section */

/* Begin PBXTargetDependency section */
		D8C5AB311AD9A06000CF6DE1 /* PBXTargetDependency */ = {
			isa = PBXTargetDependency;
			target = D8C5AB191AD9A05F00CF6DE1 /* Table Views */;
			targetProxy = D8C5AB301AD9A06000CF6DE1 /* PBXContainerItemProxy */;
		};
/* End PBXTargetDependency section */

/* Begin PBXVariantGroup section */
		D8C5AB231AD9A05F00CF6DE1 /* Main.storyboard */ = {
			isa = PBXVariantGroup;
			children = (
				D8C5AB241AD9A05F00CF6DE1 /* Base */,
			);
			name = Main.storyboard;
			sourceTree = "<group>";
		};
		D8C5AB281AD9A06000CF6DE1 /* LaunchScreen.xib */ = {
			isa = PBXVariantGroup;
			children = (
				D8C5AB291AD9A06000CF6DE1 /* Base */,
			);
			name = LaunchScreen.xib;
			sourceTree = "<group>";
		};
/* End PBXVariantGroup section */

/* Begin XCBuildConfiguration section */
		D8C5AB371AD9A06000CF6DE1 /* Debug */ = {
			isa = XCBuildConfiguration;
			buildSettings = {
				ALWAYS_SEARCH_USER_PATHS = NO;
				CLANG_CXX_LANGUAGE_STANDARD = "gnu++0x";
				CLANG_CXX_LIBRARY = "libc++";
				CLANG_ENABLE_MODULES = YES;
				CLANG_ENABLE_OBJC_ARC = YES;
				CLANG_WARN_BOOL_CONVERSION = YES;
				CLANG_WARN_CONSTANT_CONVERSION = YES;
				CLANG_WARN_DIRECT_OBJC_ISA_USAGE = YES_ERROR;
				CLANG_WARN_EMPTY_BODY = YES;
				CLANG_WARN_ENUM_CONVERSION = YES;
				CLANG_WARN_INT_CONVERSION = YES;
				CLANG_WARN_OBJC_ROOT_CLASS = YES_ERROR;
				CLANG_WARN_UNREACHABLE_CODE = YES;
				CLANG_WARN__DUPLICATE_METHOD_MATCH = YES;
				"CODE_SIGN_IDENTITY[sdk=iphoneos*]" = "iPhone Developer";
				COPY_PHASE_STRIP = NO;
				DEBUG_INFORMATION_FORMAT = "dwarf-with-dsym";
				ENABLE_STRICT_OBJC_MSGSEND = YES;
				GCC_C_LANGUAGE_STANDARD = gnu99;
				GCC_DYNAMIC_NO_PIC = NO;
				GCC_NO_COMMON_BLOCKS = YES;
				GCC_OPTIMIZATION_LEVEL = 0;
				GCC_PREPROCESSOR_DEFINITIONS = (
					"DEBUG=1",
					"$(inherited)",
				);
				GCC_SYMBOLS_PRIVATE_EXTERN = NO;
				GCC_WARN_64_TO_32_BIT_CONVERSION = YES;
				GCC_WARN_ABOUT_RETURN_TYPE = YES_ERROR;
				GCC_WARN_UNDECLARED_SELECTOR = YES;
				GCC_WARN_UNINITIALIZED_AUTOS = YES_AGGRESSIVE;
				GCC_WARN_UNUSED_FUNCTION = YES;
				GCC_WARN_UNUSED_VARIABLE = YES;
				IPHONEOS_DEPLOYMENT_TARGET = 8.3;
				MTL_ENABLE_DEBUG_INFO = YES;
				ONLY_ACTIVE_ARCH = YES;
				SDKROOT = iphoneos;
				SWIFT_OPTIMIZATION_LEVEL = "-Onone";
			};
			name = Debug;
		};
		D8C5AB381AD9A06000CF6DE1 /* Release */ = {
			isa = XCBuildConfiguration;
			buildSettings = {
				ALWAYS_SEARCH_USER_PATHS = NO;
				CLANG_CXX_LANGUAGE_STANDARD = "gnu++0x";
				CLANG_CXX_LIBRARY = "libc++";
				CLANG_ENABLE_MODULES = YES;
				CLANG_ENABLE_OBJC_ARC = YES;
				CLANG_WARN_BOOL_CONVERSION = YES;
				CLANG_WARN_CONSTANT_CONVERSION = YES;
				CLANG_WARN_DIRECT_OBJC_ISA_USAGE = YES_ERROR;
				CLANG_WARN_EMPTY_BODY = YES;
				CLANG_WARN_ENUM_CONVERSION = YES;
				CLANG_WARN_INT_CONVERSION = YES;
				CLANG_WARN_OBJC_ROOT_CLASS = YES_ERROR;
				CLANG_WARN_UNREACHABLE_CODE = YES;
				CLANG_WARN__DUPLICATE_METHOD_MATCH = YES;
				"CODE_SIGN_IDENTITY[sdk=iphoneos*]" = "iPhone Developer";
				COPY_PHASE_STRIP = NO;
				DEBUG_INFORMATION_FORMAT = "dwarf-with-dsym";
				ENABLE_NS_ASSERTIONS = NO;
				ENABLE_STRICT_OBJC_MSGSEND = YES;
				GCC_C_LANGUAGE_STANDARD = gnu99;
				GCC_NO_COMMON_BLOCKS = YES;
				GCC_WARN_64_TO_32_BIT_CONVERSION = YES;
				GCC_WARN_ABOUT_RETURN_TYPE = YES_ERROR;
				GCC_WARN_UNDECLARED_SELECTOR = YES;
				GCC_WARN_UNINITIALIZED_AUTOS = YES_AGGRESSIVE;
				GCC_WARN_UNUSED_FUNCTION = YES;
				GCC_WARN_UNUSED_VARIABLE = YES;
				IPHONEOS_DEPLOYMENT_TARGET = 8.3;
				MTL_ENABLE_DEBUG_INFO = NO;
				SDKROOT = iphoneos;
				VALIDATE_PRODUCT = YES;
			};
			name = Release;
		};
		D8C5AB3A1AD9A06000CF6DE1 /* Debug */ = {
			isa = XCBuildConfiguration;
			buildSettings = {
				ASSETCATALOG_COMPILER_APPICON_NAME = AppIcon;
				INFOPLIST_FILE = "Table Views/Info.plist";
				LD_RUNPATH_SEARCH_PATHS = "$(inherited) @executable_path/Frameworks";
				PRODUCT_NAME = "$(TARGET_NAME)";
			};
			name = Debug;
		};
		D8C5AB3B1AD9A06000CF6DE1 /* Release */ = {
			isa = XCBuildConfiguration;
			buildSettings = {
				ASSETCATALOG_COMPILER_APPICON_NAME = AppIcon;
				INFOPLIST_FILE = "Table Views/Info.plist";
				LD_RUNPATH_SEARCH_PATHS = "$(inherited) @executable_path/Frameworks";
				PRODUCT_NAME = "$(TARGET_NAME)";
			};
			name = Release;
		};
		D8C5AB3D1AD9A06000CF6DE1 /* Debug */ = {
			isa = XCBuildConfiguration;
			buildSettings = {
				BUNDLE_LOADER = "$(TEST_HOST)";
				FRAMEWORK_SEARCH_PATHS = (
					"$(SDKROOT)/Developer/Library/Frameworks",
					"$(inherited)",
				);
				GCC_PREPROCESSOR_DEFINITIONS = (
					"DEBUG=1",
					"$(inherited)",
				);
				INFOPLIST_FILE = "Table ViewsTests/Info.plist";
				LD_RUNPATH_SEARCH_PATHS = "$(inherited) @executable_path/Frameworks @loader_path/Frameworks";
				PRODUCT_NAME = "$(TARGET_NAME)";
				TEST_HOST = "$(BUILT_PRODUCTS_DIR)/Table Views.app/Table Views";
			};
			name = Debug;
		};
		D8C5AB3E1AD9A06000CF6DE1 /* Release */ = {
			isa = XCBuildConfiguration;
			buildSettings = {
				BUNDLE_LOADER = "$(TEST_HOST)";
				FRAMEWORK_SEARCH_PATHS = (
					"$(SDKROOT)/Developer/Library/Frameworks",
					"$(inherited)",
				);
				INFOPLIST_FILE = "Table ViewsTests/Info.plist";
				LD_RUNPATH_SEARCH_PATHS = "$(inherited) @executable_path/Frameworks @loader_path/Frameworks";
				PRODUCT_NAME = "$(TARGET_NAME)";
				TEST_HOST = "$(BUILT_PRODUCTS_DIR)/Table Views.app/Table Views";
			};
			name = Release;
		};
/* End XCBuildConfiguration section */

/* Begin XCConfigurationList section */
		D8C5AB151AD9A05F00CF6DE1 /* Build configuration list for PBXProject "Table Views" */ = {
			isa = XCConfigurationList;
			buildConfigurations = (
				D8C5AB371AD9A06000CF6DE1 /* Debug */,
				D8C5AB381AD9A06000CF6DE1 /* Release */,
			);
			defaultConfigurationIsVisible = 0;
			defaultConfigurationName = Release;
		};
		D8C5AB391AD9A06000CF6DE1 /* Build configuration list for PBXNativeTarget "Table Views" */ = {
			isa = XCConfigurationList;
			buildConfigurations = (
				D8C5AB3A1AD9A06000CF6DE1 /* Debug */,
				D8C5AB3B1AD9A06000CF6DE1 /* Release */,
			);
			defaultConfigurationIsVisible = 0;
		};
		D8C5AB3C1AD9A06000CF6DE1 /* Build configuration list for PBXNativeTarget "Table ViewsTests" */ = {
			isa = XCConfigurationList;
			buildConfigurations = (
				D8C5AB3D1AD9A06000CF6DE1 /* Debug */,
				D8C5AB3E1AD9A06000CF6DE1 /* Release */,
			);
			defaultConfigurationIsVisible = 0;
		};
/* End XCConfigurationList section */
	};
	rootObject = D8C5AB121AD9A05F00CF6DE1 /* Project object */;
}
