// !$*UTF8*$!
{
	archiveVersion = 1;
	classes = {
	};
	objectVersion = 46;
	objects = {

/* Begin PBXBuildFile section */
		D811DD431A81544C001B14ED /* AppDelegate.swift in Sources */ = {isa = PBXBuildFile; fileRef = D811DD421A81544C001B14ED /* AppDelegate.swift */; };
		D811DD451A81544C001B14ED /* ViewController.swift in Sources */ = {isa = PBXBuildFile; fileRef = D811DD441A81544C001B14ED /* ViewController.swift */; };
		D811DD481A81544C001B14ED /* Main.storyboard in Resources */ = {isa = PBXBuildFile; fileRef = D811DD461A81544C001B14ED /* Main.storyboard */; };
		D811DD4A1A81544C001B14ED /* Images.xcassets in Resources */ = {isa = PBXBuildFile; fileRef = D811DD491A81544C001B14ED /* Images.xcassets */; };
		D811DD4D1A81544C001B14ED /* LaunchScreen.xib in Resources */ = {isa = PBXBuildFile; fileRef = D811DD4B1A81544C001B14ED /* LaunchScreen.xib */; };
		D811DD591A81544C001B14ED /* Webview_DemoTests.swift in Sources */ = {isa = PBXBuildFile; fileRef = D811DD581A81544C001B14ED /* Webview_DemoTests.swift */; };
/* End PBXBuildFile section */

/* Begin PBXContainerItemProxy section */
		D811DD531A81544C001B14ED /* PBXContainerItemProxy */ = {
			isa = PBXContainerItemProxy;
			containerPortal = D811DD351A81544C001B14ED /* Project object */;
			proxyType = 1;
			remoteGlobalIDString = D811DD3C1A81544C001B14ED;
			remoteInfo = "Webview Demo";
		};
/* End PBXContainerItemProxy section */

/* Begin PBXFileReference section */
		D811DD3D1A81544C001B14ED /* Webview Demo.app */ = {isa = PBXFileReference; explicitFileType = wrapper.application; includeInIndex = 0; path = "Webview Demo.app"; sourceTree = BUILT_PRODUCTS_DIR; };
		D811DD411A81544C001B14ED /* Info.plist */ = {isa = PBXFileReference; lastKnownFileType = text.plist.xml; path = Info.plist; sourceTree = "<group>"; };
		D811DD421A81544C001B14ED /* AppDelegate.swift */ = {isa = PBXFileReference; lastKnownFileType = sourcecode.swift; path = AppDelegate.swift; sourceTree = "<group>"; };
		D811DD441A81544C001B14ED /* ViewController.swift */ = {isa = PBXFileReference; lastKnownFileType = sourcecode.swift; path = ViewController.swift; sourceTree = "<group>"; };
		D811DD471A81544C001B14ED /* Base */ = {isa = PBXFileReference; lastKnownFileType = file.storyboard; name = Base; path = Base.lproj/Main.storyboard; sourceTree = "<group>"; };
		D811DD491A81544C001B14ED /* Images.xcassets */ = {isa = PBXFileReference; lastKnownFileType = folder.assetcatalog; path = Images.xcassets; sourceTree = "<group>"; };
		D811DD4C1A81544C001B14ED /* Base */ = {isa = PBXFileReference; lastKnownFileType = file.xib; name = Base; path = Base.lproj/LaunchScreen.xib; sourceTree = "<group>"; };
		D811DD521A81544C001B14ED /* Webview DemoTests.xctest */ = {isa = PBXFileReference; explicitFileType = wrapper.cfbundle; includeInIndex = 0; path = "Webview DemoTests.xctest"; sourceTree = BUILT_PRODUCTS_DIR; };
		D811DD571A81544C001B14ED /* Info.plist */ = {isa = PBXFileReference; lastKnownFileType = text.plist.xml; path = Info.plist; sourceTree = "<group>"; };
		D811DD581A81544C001B14ED /* Webview_DemoTests.swift */ = {isa = PBXFileReference; lastKnownFileType = sourcecode.swift; path = Webview_DemoTests.swift; sourceTree = "<group>"; };
/* End PBXFileReference section */

/* Begin PBXFrameworksBuildPhase section */
		D811DD3A1A81544C001B14ED /* Frameworks */ = {
			isa = PBXFrameworksBuildPhase;
			buildActionMask = 2147483647;
			files = (
			);
			runOnlyForDeploymentPostprocessing = 0;
		};
		D811DD4F1A81544C001B14ED /* Frameworks */ = {
			isa = PBXFrameworksBuildPhase;
			buildActionMask = 2147483647;
			files = (
			);
			runOnlyForDeploymentPostprocessing = 0;
		};
/* End PBXFrameworksBuildPhase section */

/* Begin PBXGroup section */
		D811DD341A81544C001B14ED = {
			isa = PBXGroup;
			children = (
				D811DD3F1A81544C001B14ED /* Webview Demo */,
				D811DD551A81544C001B14ED /* Webview DemoTests */,
				D811DD3E1A81544C001B14ED /* Products */,
			);
			sourceTree = "<group>";
		};
		D811DD3E1A81544C001B14ED /* Products */ = {
			isa = PBXGroup;
			children = (
				D811DD3D1A81544C001B14ED /* Webview Demo.app */,
				D811DD521A81544C001B14ED /* Webview DemoTests.xctest */,
			);
			name = Products;
			sourceTree = "<group>";
		};
		D811DD3F1A81544C001B14ED /* Webview Demo */ = {
			isa = PBXGroup;
			children = (
				D811DD421A81544C001B14ED /* AppDelegate.swift */,
				D811DD441A81544C001B14ED /* ViewController.swift */,
				D811DD461A81544C001B14ED /* Main.storyboard */,
				D811DD491A81544C001B14ED /* Images.xcassets */,
				D811DD4B1A81544C001B14ED /* LaunchScreen.xib */,
				D811DD401A81544C001B14ED /* Supporting Files */,
			);
			path = "Webview Demo";
			sourceTree = "<group>";
		};
		D811DD401A81544C001B14ED /* Supporting Files */ = {
			isa = PBXGroup;
			children = (
				D811DD411A81544C001B14ED /* Info.plist */,
			);
			name = "Supporting Files";
			sourceTree = "<group>";
		};
		D811DD551A81544C001B14ED /* Webview DemoTests */ = {
			isa = PBXGroup;
			children = (
				D811DD581A81544C001B14ED /* Webview_DemoTests.swift */,
				D811DD561A81544C001B14ED /* Supporting Files */,
			);
			path = "Webview DemoTests";
			sourceTree = "<group>";
		};
		D811DD561A81544C001B14ED /* Supporting Files */ = {
			isa = PBXGroup;
			children = (
				D811DD571A81544C001B14ED /* Info.plist */,
			);
			name = "Supporting Files";
			sourceTree = "<group>";
		};
/* End PBXGroup section */

/* Begin PBXNativeTarget section */
		D811DD3C1A81544C001B14ED /* Webview Demo */ = {
			isa = PBXNativeTarget;
			buildConfigurationList = D811DD5C1A81544C001B14ED /* Build configuration list for PBXNativeTarget "Webview Demo" */;
			buildPhases = (
				D811DD391A81544C001B14ED /* Sources */,
				D811DD3A1A81544C001B14ED /* Frameworks */,
				D811DD3B1A81544C001B14ED /* Resources */,
			);
			buildRules = (
			);
			dependencies = (
			);
			name = "Webview Demo";
			productName = "Webview Demo";
			productReference = D811DD3D1A81544C001B14ED /* Webview Demo.app */;
			productType = "com.apple.product-type.application";
		};
		D811DD511A81544C001B14ED /* Webview DemoTests */ = {
			isa = PBXNativeTarget;
			buildConfigurationList = D811DD5F1A81544C001B14ED /* Build configuration list for PBXNativeTarget "Webview DemoTests" */;
			buildPhases = (
				D811DD4E1A81544C001B14ED /* Sources */,
				D811DD4F1A81544C001B14ED /* Frameworks */,
				D811DD501A81544C001B14ED /* Resources */,
			);
			buildRules = (
			);
			dependencies = (
				D811DD541A81544C001B14ED /* PBXTargetDependency */,
			);
			name = "Webview DemoTests";
			productName = "Webview DemoTests";
			productReference = D811DD521A81544C001B14ED /* Webview DemoTests.xctest */;
			productType = "com.apple.product-type.bundle.unit-test";
		};
/* End PBXNativeTarget section */

/* Begin PBXProject section */
		D811DD351A81544C001B14ED /* Project object */ = {
			isa = PBXProject;
			attributes = {
				LastUpgradeCheck = 0610;
				ORGANIZATIONNAME = "Joe Lucero";
				TargetAttributes = {
					D811DD3C1A81544C001B14ED = {
						CreatedOnToolsVersion = 6.1.1;
					};
					D811DD511A81544C001B14ED = {
						CreatedOnToolsVersion = 6.1.1;
						TestTargetID = D811DD3C1A81544C001B14ED;
					};
				};
			};
			buildConfigurationList = D811DD381A81544C001B14ED /* Build configuration list for PBXProject "Webview Demo" */;
			compatibilityVersion = "Xcode 3.2";
			developmentRegion = English;
			hasScannedForEncodings = 0;
			knownRegions = (
				en,
				Base,
			);
			mainGroup = D811DD341A81544C001B14ED;
			productRefGroup = D811DD3E1A81544C001B14ED /* Products */;
			projectDirPath = "";
			projectRoot = "";
			targets = (
				D811DD3C1A81544C001B14ED /* Webview Demo */,
				D811DD511A81544C001B14ED /* Webview DemoTests */,
			);
		};
/* End PBXProject section */

/* Begin PBXResourcesBuildPhase section */
		D811DD3B1A81544C001B14ED /* Resources */ = {
			isa = PBXResourcesBuildPhase;
			buildActionMask = 2147483647;
			files = (
				D811DD481A81544C001B14ED /* Main.storyboard in Resources */,
				D811DD4D1A81544C001B14ED /* LaunchScreen.xib in Resources */,
				D811DD4A1A81544C001B14ED /* Images.xcassets in Resources */,
			);
			runOnlyForDeploymentPostprocessing = 0;
		};
		D811DD501A81544C001B14ED /* Resources */ = {
			isa = PBXResourcesBuildPhase;
			buildActionMask = 2147483647;
			files = (
			);
			runOnlyForDeploymentPostprocessing = 0;
		};
/* End PBXResourcesBuildPhase section */

/* Begin PBXSourcesBuildPhase section */
		D811DD391A81544C001B14ED /* Sources */ = {
			isa = PBXSourcesBuildPhase;
			buildActionMask = 2147483647;
			files = (
				D811DD451A81544C001B14ED /* ViewController.swift in Sources */,
				D811DD431A81544C001B14ED /* AppDelegate.swift in Sources */,
			);
			runOnlyForDeploymentPostprocessing = 0;
		};
		D811DD4E1A81544C001B14ED /* Sources */ = {
			isa = PBXSourcesBuildPhase;
			buildActionMask = 2147483647;
			files = (
				D811DD591A81544C001B14ED /* Webview_DemoTests.swift in Sources */,
			);
			runOnlyForDeploymentPostprocessing = 0;
		};
/* End PBXSourcesBuildPhase section */

/* Begin PBXTargetDependency section */
		D811DD541A81544C001B14ED /* PBXTargetDependency */ = {
			isa = PBXTargetDependency;
			target = D811DD3C1A81544C001B14ED /* Webview Demo */;
			targetProxy = D811DD531A81544C001B14ED /* PBXContainerItemProxy */;
		};
/* End PBXTargetDependency section */

/* Begin PBXVariantGroup section */
		D811DD461A81544C001B14ED /* Main.storyboard */ = {
			isa = PBXVariantGroup;
			children = (
				D811DD471A81544C001B14ED /* Base */,
			);
			name = Main.storyboard;
			sourceTree = "<group>";
		};
		D811DD4B1A81544C001B14ED /* LaunchScreen.xib */ = {
			isa = PBXVariantGroup;
			children = (
				D811DD4C1A81544C001B14ED /* Base */,
			);
			name = LaunchScreen.xib;
			sourceTree = "<group>";
		};
/* End PBXVariantGroup section */

/* Begin XCBuildConfiguration section */
		D811DD5A1A81544C001B14ED /* Debug */ = {
			isa = XCBuildConfiguration;
			buildSettings = {
				ALWAYS_SEARCH_USER_PATHS = NO;
				CLANG_CXX_LANGUAGE_STANDARD = "gnu++0x";
				CLANG_CXX_LIBRARY = "libc++";
				CLANG_ENABLE_MODULES = YES;
				CLANG_ENABLE_OBJC_ARC = YES;
				CLANG_WARN_BOOL_CONVERSION = YES;
				CLANG_WARN_CONSTANT_CONVERSION = YES;
				CLANG_WARN_DIRECT_OBJC_ISA_USAGE = YES_ERROR;
				CLANG_WARN_EMPTY_BODY = YES;
				CLANG_WARN_ENUM_CONVERSION = YES;
				CLANG_WARN_INT_CONVERSION = YES;
				CLANG_WARN_OBJC_ROOT_CLASS = YES_ERROR;
				CLANG_WARN_UNREACHABLE_CODE = YES;
				CLANG_WARN__DUPLICATE_METHOD_MATCH = YES;
				"CODE_SIGN_IDENTITY[sdk=iphoneos*]" = "iPhone Developer";
				COPY_PHASE_STRIP = NO;
				ENABLE_STRICT_OBJC_MSGSEND = YES;
				GCC_C_LANGUAGE_STANDARD = gnu99;
				GCC_DYNAMIC_NO_PIC = NO;
				GCC_OPTIMIZATION_LEVEL = 0;
				GCC_PREPROCESSOR_DEFINITIONS = (
					"DEBUG=1",
					"$(inherited)",
				);
				GCC_SYMBOLS_PRIVATE_EXTERN = NO;
				GCC_WARN_64_TO_32_BIT_CONVERSION = YES;
				GCC_WARN_ABOUT_RETURN_TYPE = YES_ERROR;
				GCC_WARN_UNDECLARED_SELECTOR = YES;
				GCC_WARN_UNINITIALIZED_AUTOS = YES_AGGRESSIVE;
				GCC_WARN_UNUSED_FUNCTION = YES;
				GCC_WARN_UNUSED_VARIABLE = YES;
				IPHONEOS_DEPLOYMENT_TARGET = 8.1;
				MTL_ENABLE_DEBUG_INFO = YES;
				ONLY_ACTIVE_ARCH = YES;
				SDKROOT = iphoneos;
				SWIFT_OPTIMIZATION_LEVEL = "-Onone";
			};
			name = Debug;
		};
		D811DD5B1A81544C001B14ED /* Release */ = {
			isa = XCBuildConfiguration;
			buildSettings = {
				ALWAYS_SEARCH_USER_PATHS = NO;
				CLANG_CXX_LANGUAGE_STANDARD = "gnu++0x";
				CLANG_CXX_LIBRARY = "libc++";
				CLANG_ENABLE_MODULES = YES;
				CLANG_ENABLE_OBJC_ARC = YES;
				CLANG_WARN_BOOL_CONVERSION = YES;
				CLANG_WARN_CONSTANT_CONVERSION = YES;
				CLANG_WARN_DIRECT_OBJC_ISA_USAGE = YES_ERROR;
				CLANG_WARN_EMPTY_BODY = YES;
				CLANG_WARN_ENUM_CONVERSION = YES;
				CLANG_WARN_INT_CONVERSION = YES;
				CLANG_WARN_OBJC_ROOT_CLASS = YES_ERROR;
				CLANG_WARN_UNREACHABLE_CODE = YES;
				CLANG_WARN__DUPLICATE_METHOD_MATCH = YES;
				"CODE_SIGN_IDENTITY[sdk=iphoneos*]" = "iPhone Developer";
				COPY_PHASE_STRIP = YES;
				ENABLE_NS_ASSERTIONS = NO;
				ENABLE_STRICT_OBJC_MSGSEND = YES;
				GCC_C_LANGUAGE_STANDARD = gnu99;
				GCC_WARN_64_TO_32_BIT_CONVERSION = YES;
				GCC_WARN_ABOUT_RETURN_TYPE = YES_ERROR;
				GCC_WARN_UNDECLARED_SELECTOR = YES;
				GCC_WARN_UNINITIALIZED_AUTOS = YES_AGGRESSIVE;
				GCC_WARN_UNUSED_FUNCTION = YES;
				GCC_WARN_UNUSED_VARIABLE = YES;
				IPHONEOS_DEPLOYMENT_TARGET = 8.1;
				MTL_ENABLE_DEBUG_INFO = NO;
				SDKROOT = iphoneos;
				VALIDATE_PRODUCT = YES;
			};
			name = Release;
		};
		D811DD5D1A81544C001B14ED /* Debug */ = {
			isa = XCBuildConfiguration;
			buildSettings = {
				ASSETCATALOG_COMPILER_APPICON_NAME = AppIcon;
				INFOPLIST_FILE = "Webview Demo/Info.plist";
				LD_RUNPATH_SEARCH_PATHS = "$(inherited) @executable_path/Frameworks";
				PRODUCT_NAME = "$(TARGET_NAME)";
			};
			name = Debug;
		};
		D811DD5E1A81544C001B14ED /* Release */ = {
			isa = XCBuildConfiguration;
			buildSettings = {
				ASSETCATALOG_COMPILER_APPICON_NAME = AppIcon;
				INFOPLIST_FILE = "Webview Demo/Info.plist";
				LD_RUNPATH_SEARCH_PATHS = "$(inherited) @executable_path/Frameworks";
				PRODUCT_NAME = "$(TARGET_NAME)";
			};
			name = Release;
		};
		D811DD601A81544C001B14ED /* Debug */ = {
			isa = XCBuildConfiguration;
			buildSettings = {
				BUNDLE_LOADER = "$(TEST_HOST)";
				FRAMEWORK_SEARCH_PATHS = (
					"$(SDKROOT)/Developer/Library/Frameworks",
					"$(inherited)",
				);
				GCC_PREPROCESSOR_DEFINITIONS = (
					"DEBUG=1",
					"$(inherited)",
				);
				INFOPLIST_FILE = "Webview DemoTests/Info.plist";
				LD_RUNPATH_SEARCH_PATHS = "$(inherited) @executable_path/Frameworks @loader_path/Frameworks";
				PRODUCT_NAME = "$(TARGET_NAME)";
				TEST_HOST = "$(BUILT_PRODUCTS_DIR)/Webview Demo.app/Webview Demo";
			};
			name = Debug;
		};
		D811DD611A81544C001B14ED /* Release */ = {
			isa = XCBuildConfiguration;
			buildSettings = {
				BUNDLE_LOADER = "$(TEST_HOST)";
				FRAMEWORK_SEARCH_PATHS = (
					"$(SDKROOT)/Developer/Library/Frameworks",
					"$(inherited)",
				);
				INFOPLIST_FILE = "Webview DemoTests/Info.plist";
				LD_RUNPATH_SEARCH_PATHS = "$(inherited) @executable_path/Frameworks @loader_path/Frameworks";
				PRODUCT_NAME = "$(TARGET_NAME)";
				TEST_HOST = "$(BUILT_PRODUCTS_DIR)/Webview Demo.app/Webview Demo";
			};
			name = Release;
		};
/* End XCBuildConfiguration section */

/* Begin XCConfigurationList section */
		D811DD381A81544C001B14ED /* Build configuration list for PBXProject "Webview Demo" */ = {
			isa = XCConfigurationList;
			buildConfigurations = (
				D811DD5A1A81544C001B14ED /* Debug */,
				D811DD5B1A81544C001B14ED /* Release */,
			);
			defaultConfigurationIsVisible = 0;
			defaultConfigurationName = Release;
		};
		D811DD5C1A81544C001B14ED /* Build configuration list for PBXNativeTarget "Webview Demo" */ = {
			isa = XCConfigurationList;
			buildConfigurations = (
				D811DD5D1A81544C001B14ED /* Debug */,
				D811DD5E1A81544C001B14ED /* Release */,
			);
			defaultConfigurationIsVisible = 0;
		};
		D811DD5F1A81544C001B14ED /* Build configuration list for PBXNativeTarget "Webview DemoTests" */ = {
			isa = XCConfigurationList;
			buildConfigurations = (
				D811DD601A81544C001B14ED /* Debug */,
				D811DD611A81544C001B14ED /* Release */,
			);
			defaultConfigurationIsVisible = 0;
		};
/* End XCConfigurationList section */
	};
	rootObject = D811DD351A81544C001B14ED /* Project object */;
}
