// !$*UTF8*$!
{
	archiveVersion = 1;
	classes = {
	};
	objectVersion = 46;
	objects = {

/* Begin PBXBuildFile section */
		D89A93701A5B492200FBB09C /* AppDelegate.swift in Sources */ = {isa = PBXBuildFile; fileRef = D89A936F1A5B492200FBB09C /* AppDelegate.swift */; };
		D89A93721A5B492200FBB09C /* ViewController.swift in Sources */ = {isa = PBXBuildFile; fileRef = D89A93711A5B492200FBB09C /* ViewController.swift */; };
		D89A93751A5B492200FBB09C /* Main.storyboard in Resources */ = {isa = PBXBuildFile; fileRef = D89A93731A5B492200FBB09C /* Main.storyboard */; };
		D89A93771A5B492200FBB09C /* Images.xcassets in Resources */ = {isa = PBXBuildFile; fileRef = D89A93761A5B492200FBB09C /* Images.xcassets */; };
		D89A937A1A5B492200FBB09C /* LaunchScreen.xib in Resources */ = {isa = PBXBuildFile; fileRef = D89A93781A5B492200FBB09C /* LaunchScreen.xib */; };
		D89A93861A5B492200FBB09C /* Example_AppTests.swift in Sources */ = {isa = PBXBuildFile; fileRef = D89A93851A5B492200FBB09C /* Example_AppTests.swift */; };
/* End PBXBuildFile section */

/* Begin PBXContainerItemProxy section */
		D89A93801A5B492200FBB09C /* PBXContainerItemProxy */ = {
			isa = PBXContainerItemProxy;
			containerPortal = D89A93621A5B492100FBB09C /* Project object */;
			proxyType = 1;
			remoteGlobalIDString = D89A93691A5B492200FBB09C;
			remoteInfo = "Example App";
		};
/* End PBXContainerItemProxy section */

/* Begin PBXFileReference section */
		D89A936A1A5B492200FBB09C /* Example App.app */ = {isa = PBXFileReference; explicitFileType = wrapper.application; includeInIndex = 0; path = "Example App.app"; sourceTree = BUILT_PRODUCTS_DIR; };
		D89A936E1A5B492200FBB09C /* Info.plist */ = {isa = PBXFileReference; lastKnownFileType = text.plist.xml; path = Info.plist; sourceTree = "<group>"; };
		D89A936F1A5B492200FBB09C /* AppDelegate.swift */ = {isa = PBXFileReference; lastKnownFileType = sourcecode.swift; path = AppDelegate.swift; sourceTree = "<group>"; };
		D89A93711A5B492200FBB09C /* ViewController.swift */ = {isa = PBXFileReference; lastKnownFileType = sourcecode.swift; path = ViewController.swift; sourceTree = "<group>"; };
		D89A93741A5B492200FBB09C /* Base */ = {isa = PBXFileReference; lastKnownFileType = file.storyboard; name = Base; path = Base.lproj/Main.storyboard; sourceTree = "<group>"; };
		D89A93761A5B492200FBB09C /* Images.xcassets */ = {isa = PBXFileReference; lastKnownFileType = folder.assetcatalog; path = Images.xcassets; sourceTree = "<group>"; };
		D89A93791A5B492200FBB09C /* Base */ = {isa = PBXFileReference; lastKnownFileType = file.xib; name = Base; path = Base.lproj/LaunchScreen.xib; sourceTree = "<group>"; };
		D89A937F1A5B492200FBB09C /* Example AppTests.xctest */ = {isa = PBXFileReference; explicitFileType = wrapper.cfbundle; includeInIndex = 0; path = "Example AppTests.xctest"; sourceTree = BUILT_PRODUCTS_DIR; };
		D89A93841A5B492200FBB09C /* Info.plist */ = {isa = PBXFileReference; lastKnownFileType = text.plist.xml; path = Info.plist; sourceTree = "<group>"; };
		D89A93851A5B492200FBB09C /* Example_AppTests.swift */ = {isa = PBXFileReference; lastKnownFileType = sourcecode.swift; path = Example_AppTests.swift; sourceTree = "<group>"; };
/* End PBXFileReference section */

/* Begin PBXFrameworksBuildPhase section */
		D89A93671A5B492200FBB09C /* Frameworks */ = {
			isa = PBXFrameworksBuildPhase;
			buildActionMask = 2147483647;
			files = (
			);
			runOnlyForDeploymentPostprocessing = 0;
		};
		D89A937C1A5B492200FBB09C /* Frameworks */ = {
			isa = PBXFrameworksBuildPhase;
			buildActionMask = 2147483647;
			files = (
			);
			runOnlyForDeploymentPostprocessing = 0;
		};
/* End PBXFrameworksBuildPhase section */

/* Begin PBXGroup section */
		D89A93611A5B492100FBB09C = {
			isa = PBXGroup;
			children = (
				D89A936C1A5B492200FBB09C /* Example App */,
				D89A93821A5B492200FBB09C /* Example AppTests */,
				D89A936B1A5B492200FBB09C /* Products */,
			);
			sourceTree = "<group>";
		};
		D89A936B1A5B492200FBB09C /* Products */ = {
			isa = PBXGroup;
			children = (
				D89A936A1A5B492200FBB09C /* Example App.app */,
				D89A937F1A5B492200FBB09C /* Example AppTests.xctest */,
			);
			name = Products;
			sourceTree = "<group>";
		};
		D89A936C1A5B492200FBB09C /* Example App */ = {
			isa = PBXGroup;
			children = (
				D89A936F1A5B492200FBB09C /* AppDelegate.swift */,
				D89A93711A5B492200FBB09C /* ViewController.swift */,
				D89A93731A5B492200FBB09C /* Main.storyboard */,
				D89A93761A5B492200FBB09C /* Images.xcassets */,
				D89A93781A5B492200FBB09C /* LaunchScreen.xib */,
				D89A936D1A5B492200FBB09C /* Supporting Files */,
			);
			path = "Example App";
			sourceTree = "<group>";
		};
		D89A936D1A5B492200FBB09C /* Supporting Files */ = {
			isa = PBXGroup;
			children = (
				D89A936E1A5B492200FBB09C /* Info.plist */,
			);
			name = "Supporting Files";
			sourceTree = "<group>";
		};
		D89A93821A5B492200FBB09C /* Example AppTests */ = {
			isa = PBXGroup;
			children = (
				D89A93851A5B492200FBB09C /* Example_AppTests.swift */,
				D89A93831A5B492200FBB09C /* Supporting Files */,
			);
			path = "Example AppTests";
			sourceTree = "<group>";
		};
		D89A93831A5B492200FBB09C /* Supporting Files */ = {
			isa = PBXGroup;
			children = (
				D89A93841A5B492200FBB09C /* Info.plist */,
			);
			name = "Supporting Files";
			sourceTree = "<group>";
		};
/* End PBXGroup section */

/* Begin PBXNativeTarget section */
		D89A93691A5B492200FBB09C /* Example App */ = {
			isa = PBXNativeTarget;
			buildConfigurationList = D89A93891A5B492200FBB09C /* Build configuration list for PBXNativeTarget "Example App" */;
			buildPhases = (
				D89A93661A5B492200FBB09C /* Sources */,
				D89A93671A5B492200FBB09C /* Frameworks */,
				D89A93681A5B492200FBB09C /* Resources */,
			);
			buildRules = (
			);
			dependencies = (
			);
			name = "Example App";
			productName = "Example App";
			productReference = D89A936A1A5B492200FBB09C /* Example App.app */;
			productType = "com.apple.product-type.application";
		};
		D89A937E1A5B492200FBB09C /* Example AppTests */ = {
			isa = PBXNativeTarget;
			buildConfigurationList = D89A938C1A5B492200FBB09C /* Build configuration list for PBXNativeTarget "Example AppTests" */;
			buildPhases = (
				D89A937B1A5B492200FBB09C /* Sources */,
				D89A937C1A5B492200FBB09C /* Frameworks */,
				D89A937D1A5B492200FBB09C /* Resources */,
			);
			buildRules = (
			);
			dependencies = (
				D89A93811A5B492200FBB09C /* PBXTargetDependency */,
			);
			name = "Example AppTests";
			productName = "Example AppTests";
			productReference = D89A937F1A5B492200FBB09C /* Example AppTests.xctest */;
			productType = "com.apple.product-type.bundle.unit-test";
		};
/* End PBXNativeTarget section */

/* Begin PBXProject section */
		D89A93621A5B492100FBB09C /* Project object */ = {
			isa = PBXProject;
			attributes = {
				LastUpgradeCheck = 0610;
				ORGANIZATIONNAME = "Joe Lucero";
				TargetAttributes = {
					D89A93691A5B492200FBB09C = {
						CreatedOnToolsVersion = 6.1.1;
					};
					D89A937E1A5B492200FBB09C = {
						CreatedOnToolsVersion = 6.1.1;
						TestTargetID = D89A93691A5B492200FBB09C;
					};
				};
			};
			buildConfigurationList = D89A93651A5B492100FBB09C /* Build configuration list for PBXProject "Example App" */;
			compatibilityVersion = "Xcode 3.2";
			developmentRegion = English;
			hasScannedForEncodings = 0;
			knownRegions = (
				en,
				Base,
			);
			mainGroup = D89A93611A5B492100FBB09C;
			productRefGroup = D89A936B1A5B492200FBB09C /* Products */;
			projectDirPath = "";
			projectRoot = "";
			targets = (
				D89A93691A5B492200FBB09C /* Example App */,
				D89A937E1A5B492200FBB09C /* Example AppTests */,
			);
		};
/* End PBXProject section */

/* Begin PBXResourcesBuildPhase section */
		D89A93681A5B492200FBB09C /* Resources */ = {
			isa = PBXResourcesBuildPhase;
			buildActionMask = 2147483647;
			files = (
				D89A93751A5B492200FBB09C /* Main.storyboard in Resources */,
				D89A937A1A5B492200FBB09C /* LaunchScreen.xib in Resources */,
				D89A93771A5B492200FBB09C /* Images.xcassets in Resources */,
			);
			runOnlyForDeploymentPostprocessing = 0;
		};
		D89A937D1A5B492200FBB09C /* Resources */ = {
			isa = PBXResourcesBuildPhase;
			buildActionMask = 2147483647;
			files = (
			);
			runOnlyForDeploymentPostprocessing = 0;
		};
/* End PBXResourcesBuildPhase section */

/* Begin PBXSourcesBuildPhase section */
		D89A93661A5B492200FBB09C /* Sources */ = {
			isa = PBXSourcesBuildPhase;
			buildActionMask = 2147483647;
			files = (
				D89A93721A5B492200FBB09C /* ViewController.swift in Sources */,
				D89A93701A5B492200FBB09C /* AppDelegate.swift in Sources */,
			);
			runOnlyForDeploymentPostprocessing = 0;
		};
		D89A937B1A5B492200FBB09C /* Sources */ = {
			isa = PBXSourcesBuildPhase;
			buildActionMask = 2147483647;
			files = (
				D89A93861A5B492200FBB09C /* Example_AppTests.swift in Sources */,
			);
			runOnlyForDeploymentPostprocessing = 0;
		};
/* End PBXSourcesBuildPhase section */

/* Begin PBXTargetDependency section */
		D89A93811A5B492200FBB09C /* PBXTargetDependency */ = {
			isa = PBXTargetDependency;
			target = D89A93691A5B492200FBB09C /* Example App */;
			targetProxy = D89A93801A5B492200FBB09C /* PBXContainerItemProxy */;
		};
/* End PBXTargetDependency section */

/* Begin PBXVariantGroup section */
		D89A93731A5B492200FBB09C /* Main.storyboard */ = {
			isa = PBXVariantGroup;
			children = (
				D89A93741A5B492200FBB09C /* Base */,
			);
			name = Main.storyboard;
			sourceTree = "<group>";
		};
		D89A93781A5B492200FBB09C /* LaunchScreen.xib */ = {
			isa = PBXVariantGroup;
			children = (
				D89A93791A5B492200FBB09C /* Base */,
			);
			name = LaunchScreen.xib;
			sourceTree = "<group>";
		};
/* End PBXVariantGroup section */

/* Begin XCBuildConfiguration section */
		D89A93871A5B492200FBB09C /* Debug */ = {
			isa = XCBuildConfiguration;
			buildSettings = {
				ALWAYS_SEARCH_USER_PATHS = NO;
				CLANG_CXX_LANGUAGE_STANDARD = "gnu++0x";
				CLANG_CXX_LIBRARY = "libc++";
				CLANG_ENABLE_MODULES = YES;
				CLANG_ENABLE_OBJC_ARC = YES;
				CLANG_WARN_BOOL_CONVERSION = YES;
				CLANG_WARN_CONSTANT_CONVERSION = YES;
				CLANG_WARN_DIRECT_OBJC_ISA_USAGE = YES_ERROR;
				CLANG_WARN_EMPTY_BODY = YES;
				CLANG_WARN_ENUM_CONVERSION = YES;
				CLANG_WARN_INT_CONVERSION = YES;
				CLANG_WARN_OBJC_ROOT_CLASS = YES_ERROR;
				CLANG_WARN_UNREACHABLE_CODE = YES;
				CLANG_WARN__DUPLICATE_METHOD_MATCH = YES;
				"CODE_SIGN_IDENTITY[sdk=iphoneos*]" = "iPhone Developer";
				COPY_PHASE_STRIP = NO;
				ENABLE_STRICT_OBJC_MSGSEND = YES;
				GCC_C_LANGUAGE_STANDARD = gnu99;
				GCC_DYNAMIC_NO_PIC = NO;
				GCC_OPTIMIZATION_LEVEL = 0;
				GCC_PREPROCESSOR_DEFINITIONS = (
					"DEBUG=1",
					"$(inherited)",
				);
				GCC_SYMBOLS_PRIVATE_EXTERN = NO;
				GCC_WARN_64_TO_32_BIT_CONVERSION = YES;
				GCC_WARN_ABOUT_RETURN_TYPE = YES_ERROR;
				GCC_WARN_UNDECLARED_SELECTOR = YES;
				GCC_WARN_UNINITIALIZED_AUTOS = YES_AGGRESSIVE;
				GCC_WARN_UNUSED_FUNCTION = YES;
				GCC_WARN_UNUSED_VARIABLE = YES;
				IPHONEOS_DEPLOYMENT_TARGET = 8.1;
				MTL_ENABLE_DEBUG_INFO = YES;
				ONLY_ACTIVE_ARCH = YES;
				SDKROOT = iphoneos;
				SWIFT_OPTIMIZATION_LEVEL = "-Onone";
			};
			name = Debug;
		};
		D89A93881A5B492200FBB09C /* Release */ = {
			isa = XCBuildConfiguration;
			buildSettings = {
				ALWAYS_SEARCH_USER_PATHS = NO;
				CLANG_CXX_LANGUAGE_STANDARD = "gnu++0x";
				CLANG_CXX_LIBRARY = "libc++";
				CLANG_ENABLE_MODULES = YES;
				CLANG_ENABLE_OBJC_ARC = YES;
				CLANG_WARN_BOOL_CONVERSION = YES;
				CLANG_WARN_CONSTANT_CONVERSION = YES;
				CLANG_WARN_DIRECT_OBJC_ISA_USAGE = YES_ERROR;
				CLANG_WARN_EMPTY_BODY = YES;
				CLANG_WARN_ENUM_CONVERSION = YES;
				CLANG_WARN_INT_CONVERSION = YES;
				CLANG_WARN_OBJC_ROOT_CLASS = YES_ERROR;
				CLANG_WARN_UNREACHABLE_CODE = YES;
				CLANG_WARN__DUPLICATE_METHOD_MATCH = YES;
				"CODE_SIGN_IDENTITY[sdk=iphoneos*]" = "iPhone Developer";
				COPY_PHASE_STRIP = YES;
				ENABLE_NS_ASSERTIONS = NO;
				ENABLE_STRICT_OBJC_MSGSEND = YES;
				GCC_C_LANGUAGE_STANDARD = gnu99;
				GCC_WARN_64_TO_32_BIT_CONVERSION = YES;
				GCC_WARN_ABOUT_RETURN_TYPE = YES_ERROR;
				GCC_WARN_UNDECLARED_SELECTOR = YES;
				GCC_WARN_UNINITIALIZED_AUTOS = YES_AGGRESSIVE;
				GCC_WARN_UNUSED_FUNCTION = YES;
				GCC_WARN_UNUSED_VARIABLE = YES;
				IPHONEOS_DEPLOYMENT_TARGET = 8.1;
				MTL_ENABLE_DEBUG_INFO = NO;
				SDKROOT = iphoneos;
				VALIDATE_PRODUCT = YES;
			};
			name = Release;
		};
		D89A938A1A5B492200FBB09C /* Debug */ = {
			isa = XCBuildConfiguration;
			buildSettings = {
				ASSETCATALOG_COMPILER_APPICON_NAME = AppIcon;
				INFOPLIST_FILE = "Example App/Info.plist";
				LD_RUNPATH_SEARCH_PATHS = "$(inherited) @executable_path/Frameworks";
				PRODUCT_NAME = "$(TARGET_NAME)";
			};
			name = Debug;
		};
		D89A938B1A5B492200FBB09C /* Release */ = {
			isa = XCBuildConfiguration;
			buildSettings = {
				ASSETCATALOG_COMPILER_APPICON_NAME = AppIcon;
				INFOPLIST_FILE = "Example App/Info.plist";
				LD_RUNPATH_SEARCH_PATHS = "$(inherited) @executable_path/Frameworks";
				PRODUCT_NAME = "$(TARGET_NAME)";
			};
			name = Release;
		};
		D89A938D1A5B492200FBB09C /* Debug */ = {
			isa = XCBuildConfiguration;
			buildSettings = {
				BUNDLE_LOADER = "$(TEST_HOST)";
				FRAMEWORK_SEARCH_PATHS = (
					"$(SDKROOT)/Developer/Library/Frameworks",
					"$(inherited)",
				);
				GCC_PREPROCESSOR_DEFINITIONS = (
					"DEBUG=1",
					"$(inherited)",
				);
				INFOPLIST_FILE = "Example AppTests/Info.plist";
				LD_RUNPATH_SEARCH_PATHS = "$(inherited) @executable_path/Frameworks @loader_path/Frameworks";
				PRODUCT_NAME = "$(TARGET_NAME)";
				TEST_HOST = "$(BUILT_PRODUCTS_DIR)/Example App.app/Example App";
			};
			name = Debug;
		};
		D89A938E1A5B492200FBB09C /* Release */ = {
			isa = XCBuildConfiguration;
			buildSettings = {
				BUNDLE_LOADER = "$(TEST_HOST)";
				FRAMEWORK_SEARCH_PATHS = (
					"$(SDKROOT)/Developer/Library/Frameworks",
					"$(inherited)",
				);
				INFOPLIST_FILE = "Example AppTests/Info.plist";
				LD_RUNPATH_SEARCH_PATHS = "$(inherited) @executable_path/Frameworks @loader_path/Frameworks";
				PRODUCT_NAME = "$(TARGET_NAME)";
				TEST_HOST = "$(BUILT_PRODUCTS_DIR)/Example App.app/Example App";
			};
			name = Release;
		};
/* End XCBuildConfiguration section */

/* Begin XCConfigurationList section */
		D89A93651A5B492100FBB09C /* Build configuration list for PBXProject "Example App" */ = {
			isa = XCConfigurationList;
			buildConfigurations = (
				D89A93871A5B492200FBB09C /* Debug */,
				D89A93881A5B492200FBB09C /* Release */,
			);
			defaultConfigurationIsVisible = 0;
			defaultConfigurationName = Release;
		};
		D89A93891A5B492200FBB09C /* Build configuration list for PBXNativeTarget "Example App" */ = {
			isa = XCConfigurationList;
			buildConfigurations = (
				D89A938A1A5B492200FBB09C /* Debug */,
				D89A938B1A5B492200FBB09C /* Release */,
			);
			defaultConfigurationIsVisible = 0;
		};
		D89A938C1A5B492200FBB09C /* Build configuration list for PBXNativeTarget "Example AppTests" */ = {
			isa = XCConfigurationList;
			buildConfigurations = (
				D89A938D1A5B492200FBB09C /* Debug */,
				D89A938E1A5B492200FBB09C /* Release */,
			);
			defaultConfigurationIsVisible = 0;
		};
/* End XCConfigurationList section */
	};
	rootObject = D89A93621A5B492100FBB09C /* Project object */;
}
