// !$*UTF8*$!
{
	archiveVersion = 1;
	classes = {
	};
	objectVersion = 46;
	objects = {

/* Begin PBXBuildFile section */
		D83649151ADC232900DE6C9A /* AppDelegate.swift in Sources */ = {isa = PBXBuildFile; fileRef = D83649141ADC232900DE6C9A /* AppDelegate.swift */; };
		D83649171ADC232900DE6C9A /* ViewController.swift in Sources */ = {isa = PBXBuildFile; fileRef = D83649161ADC232900DE6C9A /* ViewController.swift */; };
		D836491A1ADC232900DE6C9A /* Main.storyboard in Resources */ = {isa = PBXBuildFile; fileRef = D83649181ADC232900DE6C9A /* Main.storyboard */; };
		D836491C1ADC232900DE6C9A /* Images.xcassets in Resources */ = {isa = PBXBuildFile; fileRef = D836491B1ADC232900DE6C9A /* Images.xcassets */; };
		D836491F1ADC232900DE6C9A /* LaunchScreen.xib in Resources */ = {isa = PBXBuildFile; fileRef = D836491D1ADC232900DE6C9A /* LaunchScreen.xib */; };
		D836492B1ADC232900DE6C9A /* SeguesTests.swift in Sources */ = {isa = PBXBuildFile; fileRef = D836492A1ADC232900DE6C9A /* SeguesTests.swift */; };
/* End PBXBuildFile section */

/* Begin PBXContainerItemProxy section */
		D83649251ADC232900DE6C9A /* PBXContainerItemProxy */ = {
			isa = PBXContainerItemProxy;
			containerPortal = D83649071ADC232900DE6C9A /* Project object */;
			proxyType = 1;
			remoteGlobalIDString = D836490E1ADC232900DE6C9A;
			remoteInfo = Segues;
		};
/* End PBXContainerItemProxy section */

/* Begin PBXFileReference section */
		D836490F1ADC232900DE6C9A /* Segues.app */ = {isa = PBXFileReference; explicitFileType = wrapper.application; includeInIndex = 0; path = Segues.app; sourceTree = BUILT_PRODUCTS_DIR; };
		D83649131ADC232900DE6C9A /* Info.plist */ = {isa = PBXFileReference; lastKnownFileType = text.plist.xml; path = Info.plist; sourceTree = "<group>"; };
		D83649141ADC232900DE6C9A /* AppDelegate.swift */ = {isa = PBXFileReference; lastKnownFileType = sourcecode.swift; path = AppDelegate.swift; sourceTree = "<group>"; };
		D83649161ADC232900DE6C9A /* ViewController.swift */ = {isa = PBXFileReference; lastKnownFileType = sourcecode.swift; path = ViewController.swift; sourceTree = "<group>"; };
		D83649191ADC232900DE6C9A /* Base */ = {isa = PBXFileReference; lastKnownFileType = file.storyboard; name = Base; path = Base.lproj/Main.storyboard; sourceTree = "<group>"; };
		D836491B1ADC232900DE6C9A /* Images.xcassets */ = {isa = PBXFileReference; lastKnownFileType = folder.assetcatalog; path = Images.xcassets; sourceTree = "<group>"; };
		D836491E1ADC232900DE6C9A /* Base */ = {isa = PBXFileReference; lastKnownFileType = file.xib; name = Base; path = Base.lproj/LaunchScreen.xib; sourceTree = "<group>"; };
		D83649241ADC232900DE6C9A /* SeguesTests.xctest */ = {isa = PBXFileReference; explicitFileType = wrapper.cfbundle; includeInIndex = 0; path = SeguesTests.xctest; sourceTree = BUILT_PRODUCTS_DIR; };
		D83649291ADC232900DE6C9A /* Info.plist */ = {isa = PBXFileReference; lastKnownFileType = text.plist.xml; path = Info.plist; sourceTree = "<group>"; };
		D836492A1ADC232900DE6C9A /* SeguesTests.swift */ = {isa = PBXFileReference; lastKnownFileType = sourcecode.swift; path = SeguesTests.swift; sourceTree = "<group>"; };
/* End PBXFileReference section */

/* Begin PBXFrameworksBuildPhase section */
		D836490C1ADC232900DE6C9A /* Frameworks */ = {
			isa = PBXFrameworksBuildPhase;
			buildActionMask = 2147483647;
			files = (
			);
			runOnlyForDeploymentPostprocessing = 0;
		};
		D83649211ADC232900DE6C9A /* Frameworks */ = {
			isa = PBXFrameworksBuildPhase;
			buildActionMask = 2147483647;
			files = (
			);
			runOnlyForDeploymentPostprocessing = 0;
		};
/* End PBXFrameworksBuildPhase section */

/* Begin PBXGroup section */
		D83649061ADC232900DE6C9A = {
			isa = PBXGroup;
			children = (
				D83649111ADC232900DE6C9A /* Segues */,
				D83649271ADC232900DE6C9A /* SeguesTests */,
				D83649101ADC232900DE6C9A /* Products */,
			);
			sourceTree = "<group>";
		};
		D83649101ADC232900DE6C9A /* Products */ = {
			isa = PBXGroup;
			children = (
				D836490F1ADC232900DE6C9A /* Segues.app */,
				D83649241ADC232900DE6C9A /* SeguesTests.xctest */,
			);
			name = Products;
			sourceTree = "<group>";
		};
		D83649111ADC232900DE6C9A /* Segues */ = {
			isa = PBXGroup;
			children = (
				D83649141ADC232900DE6C9A /* AppDelegate.swift */,
				D83649161ADC232900DE6C9A /* ViewController.swift */,
				D83649181ADC232900DE6C9A /* Main.storyboard */,
				D836491B1ADC232900DE6C9A /* Images.xcassets */,
				D836491D1ADC232900DE6C9A /* LaunchScreen.xib */,
				D83649121ADC232900DE6C9A /* Supporting Files */,
			);
			path = Segues;
			sourceTree = "<group>";
		};
		D83649121ADC232900DE6C9A /* Supporting Files */ = {
			isa = PBXGroup;
			children = (
				D83649131ADC232900DE6C9A /* Info.plist */,
			);
			name = "Supporting Files";
			sourceTree = "<group>";
		};
		D83649271ADC232900DE6C9A /* SeguesTests */ = {
			isa = PBXGroup;
			children = (
				D836492A1ADC232900DE6C9A /* SeguesTests.swift */,
				D83649281ADC232900DE6C9A /* Supporting Files */,
			);
			path = SeguesTests;
			sourceTree = "<group>";
		};
		D83649281ADC232900DE6C9A /* Supporting Files */ = {
			isa = PBXGroup;
			children = (
				D83649291ADC232900DE6C9A /* Info.plist */,
			);
			name = "Supporting Files";
			sourceTree = "<group>";
		};
/* End PBXGroup section */

/* Begin PBXNativeTarget section */
		D836490E1ADC232900DE6C9A /* Segues */ = {
			isa = PBXNativeTarget;
			buildConfigurationList = D836492E1ADC232900DE6C9A /* Build configuration list for PBXNativeTarget "Segues" */;
			buildPhases = (
				D836490B1ADC232900DE6C9A /* Sources */,
				D836490C1ADC232900DE6C9A /* Frameworks */,
				D836490D1ADC232900DE6C9A /* Resources */,
			);
			buildRules = (
			);
			dependencies = (
			);
			name = Segues;
			productName = Segues;
			productReference = D836490F1ADC232900DE6C9A /* Segues.app */;
			productType = "com.apple.product-type.application";
		};
		D83649231ADC232900DE6C9A /* SeguesTests */ = {
			isa = PBXNativeTarget;
			buildConfigurationList = D83649311ADC232900DE6C9A /* Build configuration list for PBXNativeTarget "SeguesTests" */;
			buildPhases = (
				D83649201ADC232900DE6C9A /* Sources */,
				D83649211ADC232900DE6C9A /* Frameworks */,
				D83649221ADC232900DE6C9A /* Resources */,
			);
			buildRules = (
			);
			dependencies = (
				D83649261ADC232900DE6C9A /* PBXTargetDependency */,
			);
			name = SeguesTests;
			productName = SeguesTests;
			productReference = D83649241ADC232900DE6C9A /* SeguesTests.xctest */;
			productType = "com.apple.product-type.bundle.unit-test";
		};
/* End PBXNativeTarget section */

/* Begin PBXProject section */
		D83649071ADC232900DE6C9A /* Project object */ = {
			isa = PBXProject;
			attributes = {
				LastUpgradeCheck = 0630;
				ORGANIZATIONNAME = iOSDevelopr;
				TargetAttributes = {
					D836490E1ADC232900DE6C9A = {
						CreatedOnToolsVersion = 6.3;
					};
					D83649231ADC232900DE6C9A = {
						CreatedOnToolsVersion = 6.3;
						TestTargetID = D836490E1ADC232900DE6C9A;
					};
				};
			};
			buildConfigurationList = D836490A1ADC232900DE6C9A /* Build configuration list for PBXProject "Segues" */;
			compatibilityVersion = "Xcode 3.2";
			developmentRegion = English;
			hasScannedForEncodings = 0;
			knownRegions = (
				en,
				Base,
			);
			mainGroup = D83649061ADC232900DE6C9A;
			productRefGroup = D83649101ADC232900DE6C9A /* Products */;
			projectDirPath = "";
			projectRoot = "";
			targets = (
				D836490E1ADC232900DE6C9A /* Segues */,
				D83649231ADC232900DE6C9A /* SeguesTests */,
			);
		};
/* End PBXProject section */

/* Begin PBXResourcesBuildPhase section */
		D836490D1ADC232900DE6C9A /* Resources */ = {
			isa = PBXResourcesBuildPhase;
			buildActionMask = 2147483647;
			files = (
				D836491A1ADC232900DE6C9A /* Main.storyboard in Resources */,
				D836491F1ADC232900DE6C9A /* LaunchScreen.xib in Resources */,
				D836491C1ADC232900DE6C9A /* Images.xcassets in Resources */,
			);
			runOnlyForDeploymentPostprocessing = 0;
		};
		D83649221ADC232900DE6C9A /* Resources */ = {
			isa = PBXResourcesBuildPhase;
			buildActionMask = 2147483647;
			files = (
			);
			runOnlyForDeploymentPostprocessing = 0;
		};
/* End PBXResourcesBuildPhase section */

/* Begin PBXSourcesBuildPhase section */
		D836490B1ADC232900DE6C9A /* Sources */ = {
			isa = PBXSourcesBuildPhase;
			buildActionMask = 2147483647;
			files = (
				D83649171ADC232900DE6C9A /* ViewController.swift in Sources */,
				D83649151ADC232900DE6C9A /* AppDelegate.swift in Sources */,
			);
			runOnlyForDeploymentPostprocessing = 0;
		};
		D83649201ADC232900DE6C9A /* Sources */ = {
			isa = PBXSourcesBuildPhase;
			buildActionMask = 2147483647;
			files = (
				D836492B1ADC232900DE6C9A /* SeguesTests.swift in Sources */,
			);
			runOnlyForDeploymentPostprocessing = 0;
		};
/* End PBXSourcesBuildPhase section */

/* Begin PBXTargetDependency section */
		D83649261ADC232900DE6C9A /* PBXTargetDependency */ = {
			isa = PBXTargetDependency;
			target = D836490E1ADC232900DE6C9A /* Segues */;
			targetProxy = D83649251ADC232900DE6C9A /* PBXContainerItemProxy */;
		};
/* End PBXTargetDependency section */

/* Begin PBXVariantGroup section */
		D83649181ADC232900DE6C9A /* Main.storyboard */ = {
			isa = PBXVariantGroup;
			children = (
				D83649191ADC232900DE6C9A /* Base */,
			);
			name = Main.storyboard;
			sourceTree = "<group>";
		};
		D836491D1ADC232900DE6C9A /* LaunchScreen.xib */ = {
			isa = PBXVariantGroup;
			children = (
				D836491E1ADC232900DE6C9A /* Base */,
			);
			name = LaunchScreen.xib;
			sourceTree = "<group>";
		};
/* End PBXVariantGroup section */

/* Begin XCBuildConfiguration section */
		D836492C1ADC232900DE6C9A /* Debug */ = {
			isa = XCBuildConfiguration;
			buildSettings = {
				ALWAYS_SEARCH_USER_PATHS = NO;
				CLANG_CXX_LANGUAGE_STANDARD = "gnu++0x";
				CLANG_CXX_LIBRARY = "libc++";
				CLANG_ENABLE_MODULES = YES;
				CLANG_ENABLE_OBJC_ARC = YES;
				CLANG_WARN_BOOL_CONVERSION = YES;
				CLANG_WARN_CONSTANT_CONVERSION = YES;
				CLANG_WARN_DIRECT_OBJC_ISA_USAGE = YES_ERROR;
				CLANG_WARN_EMPTY_BODY = YES;
				CLANG_WARN_ENUM_CONVERSION = YES;
				CLANG_WARN_INT_CONVERSION = YES;
				CLANG_WARN_OBJC_ROOT_CLASS = YES_ERROR;
				CLANG_WARN_UNREACHABLE_CODE = YES;
				CLANG_WARN__DUPLICATE_METHOD_MATCH = YES;
				"CODE_SIGN_IDENTITY[sdk=iphoneos*]" = "iPhone Developer";
				COPY_PHASE_STRIP = NO;
				DEBUG_INFORMATION_FORMAT = "dwarf-with-dsym";
				ENABLE_STRICT_OBJC_MSGSEND = YES;
				GCC_C_LANGUAGE_STANDARD = gnu99;
				GCC_DYNAMIC_NO_PIC = NO;
				GCC_NO_COMMON_BLOCKS = YES;
				GCC_OPTIMIZATION_LEVEL = 0;
				GCC_PREPROCESSOR_DEFINITIONS = (
					"DEBUG=1",
					"$(inherited)",
				);
				GCC_SYMBOLS_PRIVATE_EXTERN = NO;
				GCC_WARN_64_TO_32_BIT_CONVERSION = YES;
				GCC_WARN_ABOUT_RETURN_TYPE = YES_ERROR;
				GCC_WARN_UNDECLARED_SELECTOR = YES;
				GCC_WARN_UNINITIALIZED_AUTOS = YES_AGGRESSIVE;
				GCC_WARN_UNUSED_FUNCTION = YES;
				GCC_WARN_UNUSED_VARIABLE = YES;
				IPHONEOS_DEPLOYMENT_TARGET = 8.3;
				MTL_ENABLE_DEBUG_INFO = YES;
				ONLY_ACTIVE_ARCH = YES;
				SDKROOT = iphoneos;
				SWIFT_OPTIMIZATION_LEVEL = "-Onone";
			};
			name = Debug;
		};
		D836492D1ADC232900DE6C9A /* Release */ = {
			isa = XCBuildConfiguration;
			buildSettings = {
				ALWAYS_SEARCH_USER_PATHS = NO;
				CLANG_CXX_LANGUAGE_STANDARD = "gnu++0x";
				CLANG_CXX_LIBRARY = "libc++";
				CLANG_ENABLE_MODULES = YES;
				CLANG_ENABLE_OBJC_ARC = YES;
				CLANG_WARN_BOOL_CONVERSION = YES;
				CLANG_WARN_CONSTANT_CONVERSION = YES;
				CLANG_WARN_DIRECT_OBJC_ISA_USAGE = YES_ERROR;
				CLANG_WARN_EMPTY_BODY = YES;
				CLANG_WARN_ENUM_CONVERSION = YES;
				CLANG_WARN_INT_CONVERSION = YES;
				CLANG_WARN_OBJC_ROOT_CLASS = YES_ERROR;
				CLANG_WARN_UNREACHABLE_CODE = YES;
				CLANG_WARN__DUPLICATE_METHOD_MATCH = YES;
				"CODE_SIGN_IDENTITY[sdk=iphoneos*]" = "iPhone Developer";
				COPY_PHASE_STRIP = NO;
				DEBUG_INFORMATION_FORMAT = "dwarf-with-dsym";
				ENABLE_NS_ASSERTIONS = NO;
				ENABLE_STRICT_OBJC_MSGSEND = YES;
				GCC_C_LANGUAGE_STANDARD = gnu99;
				GCC_NO_COMMON_BLOCKS = YES;
				GCC_WARN_64_TO_32_BIT_CONVERSION = YES;
				GCC_WARN_ABOUT_RETURN_TYPE = YES_ERROR;
				GCC_WARN_UNDECLARED_SELECTOR = YES;
				GCC_WARN_UNINITIALIZED_AUTOS = YES_AGGRESSIVE;
				GCC_WARN_UNUSED_FUNCTION = YES;
				GCC_WARN_UNUSED_VARIABLE = YES;
				IPHONEOS_DEPLOYMENT_TARGET = 8.3;
				MTL_ENABLE_DEBUG_INFO = NO;
				SDKROOT = iphoneos;
				VALIDATE_PRODUCT = YES;
			};
			name = Release;
		};
		D836492F1ADC232900DE6C9A /* Debug */ = {
			isa = XCBuildConfiguration;
			buildSettings = {
				ASSETCATALOG_COMPILER_APPICON_NAME = AppIcon;
				INFOPLIST_FILE = Segues/Info.plist;
				LD_RUNPATH_SEARCH_PATHS = "$(inherited) @executable_path/Frameworks";
				PRODUCT_NAME = "$(TARGET_NAME)";
			};
			name = Debug;
		};
		D83649301ADC232900DE6C9A /* Release */ = {
			isa = XCBuildConfiguration;
			buildSettings = {
				ASSETCATALOG_COMPILER_APPICON_NAME = AppIcon;
				INFOPLIST_FILE = Segues/Info.plist;
				LD_RUNPATH_SEARCH_PATHS = "$(inherited) @executable_path/Frameworks";
				PRODUCT_NAME = "$(TARGET_NAME)";
			};
			name = Release;
		};
		D83649321ADC232900DE6C9A /* Debug */ = {
			isa = XCBuildConfiguration;
			buildSettings = {
				BUNDLE_LOADER = "$(TEST_HOST)";
				FRAMEWORK_SEARCH_PATHS = (
					"$(SDKROOT)/Developer/Library/Frameworks",
					"$(inherited)",
				);
				GCC_PREPROCESSOR_DEFINITIONS = (
					"DEBUG=1",
					"$(inherited)",
				);
				INFOPLIST_FILE = SeguesTests/Info.plist;
				LD_RUNPATH_SEARCH_PATHS = "$(inherited) @executable_path/Frameworks @loader_path/Frameworks";
				PRODUCT_NAME = "$(TARGET_NAME)";
				TEST_HOST = "$(BUILT_PRODUCTS_DIR)/Segues.app/Segues";
			};
			name = Debug;
		};
		D83649331ADC232900DE6C9A /* Release */ = {
			isa = XCBuildConfiguration;
			buildSettings = {
				BUNDLE_LOADER = "$(TEST_HOST)";
				FRAMEWORK_SEARCH_PATHS = (
					"$(SDKROOT)/Developer/Library/Frameworks",
					"$(inherited)",
				);
				INFOPLIST_FILE = SeguesTests/Info.plist;
				LD_RUNPATH_SEARCH_PATHS = "$(inherited) @executable_path/Frameworks @loader_path/Frameworks";
				PRODUCT_NAME = "$(TARGET_NAME)";
				TEST_HOST = "$(BUILT_PRODUCTS_DIR)/Segues.app/Segues";
			};
			name = Release;
		};
/* End XCBuildConfiguration section */

/* Begin XCConfigurationList section */
		D836490A1ADC232900DE6C9A /* Build configuration list for PBXProject "Segues" */ = {
			isa = XCConfigurationList;
			buildConfigurations = (
				D836492C1ADC232900DE6C9A /* Debug */,
				D836492D1ADC232900DE6C9A /* Release */,
			);
			defaultConfigurationIsVisible = 0;
			defaultConfigurationName = Release;
		};
		D836492E1ADC232900DE6C9A /* Build configuration list for PBXNativeTarget "Segues" */ = {
			isa = XCConfigurationList;
			buildConfigurations = (
				D836492F1ADC232900DE6C9A /* Debug */,
				D83649301ADC232900DE6C9A /* Release */,
			);
			defaultConfigurationIsVisible = 0;
		};
		D83649311ADC232900DE6C9A /* Build configuration list for PBXNativeTarget "SeguesTests" */ = {
			isa = XCConfigurationList;
			buildConfigurations = (
				D83649321ADC232900DE6C9A /* Debug */,
				D83649331ADC232900DE6C9A /* Release */,
			);
			defaultConfigurationIsVisible = 0;
		};
/* End XCConfigurationList section */
	};
	rootObject = D83649071ADC232900DE6C9A /* Project object */;
}
