// !$*UTF8*$!
{
	archiveVersion = 1;
	classes = {
	};
	objectVersion = 46;
	objects = {

/* Begin PBXBuildFile section */
		D811DD151A814EE5001B14ED /* AppDelegate.swift in Sources */ = {isa = PBXBuildFile; fileRef = D811DD141A814EE5001B14ED /* AppDelegate.swift */; };
		D811DD171A814EE5001B14ED /* ViewController.swift in Sources */ = {isa = PBXBuildFile; fileRef = D811DD161A814EE5001B14ED /* ViewController.swift */; };
		D811DD1A1A814EE5001B14ED /* Main.storyboard in Resources */ = {isa = PBXBuildFile; fileRef = D811DD181A814EE5001B14ED /* Main.storyboard */; };
		D811DD1C1A814EE5001B14ED /* Images.xcassets in Resources */ = {isa = PBXBuildFile; fileRef = D811DD1B1A814EE5001B14ED /* Images.xcassets */; };
		D811DD1F1A814EE5001B14ED /* LaunchScreen.xib in Resources */ = {isa = PBXBuildFile; fileRef = D811DD1D1A814EE5001B14ED /* LaunchScreen.xib */; };
		D811DD2B1A814EE5001B14ED /* JSON_DemoTests.swift in Sources */ = {isa = PBXBuildFile; fileRef = D811DD2A1A814EE5001B14ED /* JSON_DemoTests.swift */; };
/* End PBXBuildFile section */

/* Begin PBXContainerItemProxy section */
		D811DD251A814EE5001B14ED /* PBXContainerItemProxy */ = {
			isa = PBXContainerItemProxy;
			containerPortal = D811DD071A814EE5001B14ED /* Project object */;
			proxyType = 1;
			remoteGlobalIDString = D811DD0E1A814EE5001B14ED;
			remoteInfo = "JSON Demo";
		};
/* End PBXContainerItemProxy section */

/* Begin PBXFileReference section */
		D811DD0F1A814EE5001B14ED /* JSON Demo.app */ = {isa = PBXFileReference; explicitFileType = wrapper.application; includeInIndex = 0; path = "JSON Demo.app"; sourceTree = BUILT_PRODUCTS_DIR; };
		D811DD131A814EE5001B14ED /* Info.plist */ = {isa = PBXFileReference; lastKnownFileType = text.plist.xml; path = Info.plist; sourceTree = "<group>"; };
		D811DD141A814EE5001B14ED /* AppDelegate.swift */ = {isa = PBXFileReference; lastKnownFileType = sourcecode.swift; path = AppDelegate.swift; sourceTree = "<group>"; };
		D811DD161A814EE5001B14ED /* ViewController.swift */ = {isa = PBXFileReference; lastKnownFileType = sourcecode.swift; path = ViewController.swift; sourceTree = "<group>"; };
		D811DD191A814EE5001B14ED /* Base */ = {isa = PBXFileReference; lastKnownFileType = file.storyboard; name = Base; path = Base.lproj/Main.storyboard; sourceTree = "<group>"; };
		D811DD1B1A814EE5001B14ED /* Images.xcassets */ = {isa = PBXFileReference; lastKnownFileType = folder.assetcatalog; path = Images.xcassets; sourceTree = "<group>"; };
		D811DD1E1A814EE5001B14ED /* Base */ = {isa = PBXFileReference; lastKnownFileType = file.xib; name = Base; path = Base.lproj/LaunchScreen.xib; sourceTree = "<group>"; };
		D811DD241A814EE5001B14ED /* JSON DemoTests.xctest */ = {isa = PBXFileReference; explicitFileType = wrapper.cfbundle; includeInIndex = 0; path = "JSON DemoTests.xctest"; sourceTree = BUILT_PRODUCTS_DIR; };
		D811DD291A814EE5001B14ED /* Info.plist */ = {isa = PBXFileReference; lastKnownFileType = text.plist.xml; path = Info.plist; sourceTree = "<group>"; };
		D811DD2A1A814EE5001B14ED /* JSON_DemoTests.swift */ = {isa = PBXFileReference; lastKnownFileType = sourcecode.swift; path = JSON_DemoTests.swift; sourceTree = "<group>"; };
/* End PBXFileReference section */

/* Begin PBXFrameworksBuildPhase section */
		D811DD0C1A814EE5001B14ED /* Frameworks */ = {
			isa = PBXFrameworksBuildPhase;
			buildActionMask = 2147483647;
			files = (
			);
			runOnlyForDeploymentPostprocessing = 0;
		};
		D811DD211A814EE5001B14ED /* Frameworks */ = {
			isa = PBXFrameworksBuildPhase;
			buildActionMask = 2147483647;
			files = (
			);
			runOnlyForDeploymentPostprocessing = 0;
		};
/* End PBXFrameworksBuildPhase section */

/* Begin PBXGroup section */
		D811DD061A814EE5001B14ED = {
			isa = PBXGroup;
			children = (
				D811DD111A814EE5001B14ED /* JSON Demo */,
				D811DD271A814EE5001B14ED /* JSON DemoTests */,
				D811DD101A814EE5001B14ED /* Products */,
			);
			sourceTree = "<group>";
		};
		D811DD101A814EE5001B14ED /* Products */ = {
			isa = PBXGroup;
			children = (
				D811DD0F1A814EE5001B14ED /* JSON Demo.app */,
				D811DD241A814EE5001B14ED /* JSON DemoTests.xctest */,
			);
			name = Products;
			sourceTree = "<group>";
		};
		D811DD111A814EE5001B14ED /* JSON Demo */ = {
			isa = PBXGroup;
			children = (
				D811DD141A814EE5001B14ED /* AppDelegate.swift */,
				D811DD161A814EE5001B14ED /* ViewController.swift */,
				D811DD181A814EE5001B14ED /* Main.storyboard */,
				D811DD1B1A814EE5001B14ED /* Images.xcassets */,
				D811DD1D1A814EE5001B14ED /* LaunchScreen.xib */,
				D811DD121A814EE5001B14ED /* Supporting Files */,
			);
			path = "JSON Demo";
			sourceTree = "<group>";
		};
		D811DD121A814EE5001B14ED /* Supporting Files */ = {
			isa = PBXGroup;
			children = (
				D811DD131A814EE5001B14ED /* Info.plist */,
			);
			name = "Supporting Files";
			sourceTree = "<group>";
		};
		D811DD271A814EE5001B14ED /* JSON DemoTests */ = {
			isa = PBXGroup;
			children = (
				D811DD2A1A814EE5001B14ED /* JSON_DemoTests.swift */,
				D811DD281A814EE5001B14ED /* Supporting Files */,
			);
			path = "JSON DemoTests";
			sourceTree = "<group>";
		};
		D811DD281A814EE5001B14ED /* Supporting Files */ = {
			isa = PBXGroup;
			children = (
				D811DD291A814EE5001B14ED /* Info.plist */,
			);
			name = "Supporting Files";
			sourceTree = "<group>";
		};
/* End PBXGroup section */

/* Begin PBXNativeTarget section */
		D811DD0E1A814EE5001B14ED /* JSON Demo */ = {
			isa = PBXNativeTarget;
			buildConfigurationList = D811DD2E1A814EE5001B14ED /* Build configuration list for PBXNativeTarget "JSON Demo" */;
			buildPhases = (
				D811DD0B1A814EE5001B14ED /* Sources */,
				D811DD0C1A814EE5001B14ED /* Frameworks */,
				D811DD0D1A814EE5001B14ED /* Resources */,
			);
			buildRules = (
			);
			dependencies = (
			);
			name = "JSON Demo";
			productName = "JSON Demo";
			productReference = D811DD0F1A814EE5001B14ED /* JSON Demo.app */;
			productType = "com.apple.product-type.application";
		};
		D811DD231A814EE5001B14ED /* JSON DemoTests */ = {
			isa = PBXNativeTarget;
			buildConfigurationList = D811DD311A814EE5001B14ED /* Build configuration list for PBXNativeTarget "JSON DemoTests" */;
			buildPhases = (
				D811DD201A814EE5001B14ED /* Sources */,
				D811DD211A814EE5001B14ED /* Frameworks */,
				D811DD221A814EE5001B14ED /* Resources */,
			);
			buildRules = (
			);
			dependencies = (
				D811DD261A814EE5001B14ED /* PBXTargetDependency */,
			);
			name = "JSON DemoTests";
			productName = "JSON DemoTests";
			productReference = D811DD241A814EE5001B14ED /* JSON DemoTests.xctest */;
			productType = "com.apple.product-type.bundle.unit-test";
		};
/* End PBXNativeTarget section */

/* Begin PBXProject section */
		D811DD071A814EE5001B14ED /* Project object */ = {
			isa = PBXProject;
			attributes = {
				LastUpgradeCheck = 0610;
				ORGANIZATIONNAME = "Joe Lucero";
				TargetAttributes = {
					D811DD0E1A814EE5001B14ED = {
						CreatedOnToolsVersion = 6.1.1;
					};
					D811DD231A814EE5001B14ED = {
						CreatedOnToolsVersion = 6.1.1;
						TestTargetID = D811DD0E1A814EE5001B14ED;
					};
				};
			};
			buildConfigurationList = D811DD0A1A814EE5001B14ED /* Build configuration list for PBXProject "JSON Demo" */;
			compatibilityVersion = "Xcode 3.2";
			developmentRegion = English;
			hasScannedForEncodings = 0;
			knownRegions = (
				en,
				Base,
			);
			mainGroup = D811DD061A814EE5001B14ED;
			productRefGroup = D811DD101A814EE5001B14ED /* Products */;
			projectDirPath = "";
			projectRoot = "";
			targets = (
				D811DD0E1A814EE5001B14ED /* JSON Demo */,
				D811DD231A814EE5001B14ED /* JSON DemoTests */,
			);
		};
/* End PBXProject section */

/* Begin PBXResourcesBuildPhase section */
		D811DD0D1A814EE5001B14ED /* Resources */ = {
			isa = PBXResourcesBuildPhase;
			buildActionMask = 2147483647;
			files = (
				D811DD1A1A814EE5001B14ED /* Main.storyboard in Resources */,
				D811DD1F1A814EE5001B14ED /* LaunchScreen.xib in Resources */,
				D811DD1C1A814EE5001B14ED /* Images.xcassets in Resources */,
			);
			runOnlyForDeploymentPostprocessing = 0;
		};
		D811DD221A814EE5001B14ED /* Resources */ = {
			isa = PBXResourcesBuildPhase;
			buildActionMask = 2147483647;
			files = (
			);
			runOnlyForDeploymentPostprocessing = 0;
		};
/* End PBXResourcesBuildPhase section */

/* Begin PBXSourcesBuildPhase section */
		D811DD0B1A814EE5001B14ED /* Sources */ = {
			isa = PBXSourcesBuildPhase;
			buildActionMask = 2147483647;
			files = (
				D811DD171A814EE5001B14ED /* ViewController.swift in Sources */,
				D811DD151A814EE5001B14ED /* AppDelegate.swift in Sources */,
			);
			runOnlyForDeploymentPostprocessing = 0;
		};
		D811DD201A814EE5001B14ED /* Sources */ = {
			isa = PBXSourcesBuildPhase;
			buildActionMask = 2147483647;
			files = (
				D811DD2B1A814EE5001B14ED /* JSON_DemoTests.swift in Sources */,
			);
			runOnlyForDeploymentPostprocessing = 0;
		};
/* End PBXSourcesBuildPhase section */

/* Begin PBXTargetDependency section */
		D811DD261A814EE5001B14ED /* PBXTargetDependency */ = {
			isa = PBXTargetDependency;
			target = D811DD0E1A814EE5001B14ED /* JSON Demo */;
			targetProxy = D811DD251A814EE5001B14ED /* PBXContainerItemProxy */;
		};
/* End PBXTargetDependency section */

/* Begin PBXVariantGroup section */
		D811DD181A814EE5001B14ED /* Main.storyboard */ = {
			isa = PBXVariantGroup;
			children = (
				D811DD191A814EE5001B14ED /* Base */,
			);
			name = Main.storyboard;
			sourceTree = "<group>";
		};
		D811DD1D1A814EE5001B14ED /* LaunchScreen.xib */ = {
			isa = PBXVariantGroup;
			children = (
				D811DD1E1A814EE5001B14ED /* Base */,
			);
			name = LaunchScreen.xib;
			sourceTree = "<group>";
		};
/* End PBXVariantGroup section */

/* Begin XCBuildConfiguration section */
		D811DD2C1A814EE5001B14ED /* Debug */ = {
			isa = XCBuildConfiguration;
			buildSettings = {
				ALWAYS_SEARCH_USER_PATHS = NO;
				CLANG_CXX_LANGUAGE_STANDARD = "gnu++0x";
				CLANG_CXX_LIBRARY = "libc++";
				CLANG_ENABLE_MODULES = YES;
				CLANG_ENABLE_OBJC_ARC = YES;
				CLANG_WARN_BOOL_CONVERSION = YES;
				CLANG_WARN_CONSTANT_CONVERSION = YES;
				CLANG_WARN_DIRECT_OBJC_ISA_USAGE = YES_ERROR;
				CLANG_WARN_EMPTY_BODY = YES;
				CLANG_WARN_ENUM_CONVERSION = YES;
				CLANG_WARN_INT_CONVERSION = YES;
				CLANG_WARN_OBJC_ROOT_CLASS = YES_ERROR;
				CLANG_WARN_UNREACHABLE_CODE = YES;
				CLANG_WARN__DUPLICATE_METHOD_MATCH = YES;
				"CODE_SIGN_IDENTITY[sdk=iphoneos*]" = "iPhone Developer";
				COPY_PHASE_STRIP = NO;
				ENABLE_STRICT_OBJC_MSGSEND = YES;
				GCC_C_LANGUAGE_STANDARD = gnu99;
				GCC_DYNAMIC_NO_PIC = NO;
				GCC_OPTIMIZATION_LEVEL = 0;
				GCC_PREPROCESSOR_DEFINITIONS = (
					"DEBUG=1",
					"$(inherited)",
				);
				GCC_SYMBOLS_PRIVATE_EXTERN = NO;
				GCC_WARN_64_TO_32_BIT_CONVERSION = YES;
				GCC_WARN_ABOUT_RETURN_TYPE = YES_ERROR;
				GCC_WARN_UNDECLARED_SELECTOR = YES;
				GCC_WARN_UNINITIALIZED_AUTOS = YES_AGGRESSIVE;
				GCC_WARN_UNUSED_FUNCTION = YES;
				GCC_WARN_UNUSED_VARIABLE = YES;
				IPHONEOS_DEPLOYMENT_TARGET = 8.1;
				MTL_ENABLE_DEBUG_INFO = YES;
				ONLY_ACTIVE_ARCH = YES;
				SDKROOT = iphoneos;
				SWIFT_OPTIMIZATION_LEVEL = "-Onone";
			};
			name = Debug;
		};
		D811DD2D1A814EE5001B14ED /* Release */ = {
			isa = XCBuildConfiguration;
			buildSettings = {
				ALWAYS_SEARCH_USER_PATHS = NO;
				CLANG_CXX_LANGUAGE_STANDARD = "gnu++0x";
				CLANG_CXX_LIBRARY = "libc++";
				CLANG_ENABLE_MODULES = YES;
				CLANG_ENABLE_OBJC_ARC = YES;
				CLANG_WARN_BOOL_CONVERSION = YES;
				CLANG_WARN_CONSTANT_CONVERSION = YES;
				CLANG_WARN_DIRECT_OBJC_ISA_USAGE = YES_ERROR;
				CLANG_WARN_EMPTY_BODY = YES;
				CLANG_WARN_ENUM_CONVERSION = YES;
				CLANG_WARN_INT_CONVERSION = YES;
				CLANG_WARN_OBJC_ROOT_CLASS = YES_ERROR;
				CLANG_WARN_UNREACHABLE_CODE = YES;
				CLANG_WARN__DUPLICATE_METHOD_MATCH = YES;
				"CODE_SIGN_IDENTITY[sdk=iphoneos*]" = "iPhone Developer";
				COPY_PHASE_STRIP = YES;
				ENABLE_NS_ASSERTIONS = NO;
				ENABLE_STRICT_OBJC_MSGSEND = YES;
				GCC_C_LANGUAGE_STANDARD = gnu99;
				GCC_WARN_64_TO_32_BIT_CONVERSION = YES;
				GCC_WARN_ABOUT_RETURN_TYPE = YES_ERROR;
				GCC_WARN_UNDECLARED_SELECTOR = YES;
				GCC_WARN_UNINITIALIZED_AUTOS = YES_AGGRESSIVE;
				GCC_WARN_UNUSED_FUNCTION = YES;
				GCC_WARN_UNUSED_VARIABLE = YES;
				IPHONEOS_DEPLOYMENT_TARGET = 8.1;
				MTL_ENABLE_DEBUG_INFO = NO;
				SDKROOT = iphoneos;
				VALIDATE_PRODUCT = YES;
			};
			name = Release;
		};
		D811DD2F1A814EE5001B14ED /* Debug */ = {
			isa = XCBuildConfiguration;
			buildSettings = {
				ASSETCATALOG_COMPILER_APPICON_NAME = AppIcon;
				INFOPLIST_FILE = "JSON Demo/Info.plist";
				LD_RUNPATH_SEARCH_PATHS = "$(inherited) @executable_path/Frameworks";
				PRODUCT_NAME = "$(TARGET_NAME)";
			};
			name = Debug;
		};
		D811DD301A814EE5001B14ED /* Release */ = {
			isa = XCBuildConfiguration;
			buildSettings = {
				ASSETCATALOG_COMPILER_APPICON_NAME = AppIcon;
				INFOPLIST_FILE = "JSON Demo/Info.plist";
				LD_RUNPATH_SEARCH_PATHS = "$(inherited) @executable_path/Frameworks";
				PRODUCT_NAME = "$(TARGET_NAME)";
			};
			name = Release;
		};
		D811DD321A814EE5001B14ED /* Debug */ = {
			isa = XCBuildConfiguration;
			buildSettings = {
				BUNDLE_LOADER = "$(TEST_HOST)";
				FRAMEWORK_SEARCH_PATHS = (
					"$(SDKROOT)/Developer/Library/Frameworks",
					"$(inherited)",
				);
				GCC_PREPROCESSOR_DEFINITIONS = (
					"DEBUG=1",
					"$(inherited)",
				);
				INFOPLIST_FILE = "JSON DemoTests/Info.plist";
				LD_RUNPATH_SEARCH_PATHS = "$(inherited) @executable_path/Frameworks @loader_path/Frameworks";
				PRODUCT_NAME = "$(TARGET_NAME)";
				TEST_HOST = "$(BUILT_PRODUCTS_DIR)/JSON Demo.app/JSON Demo";
			};
			name = Debug;
		};
		D811DD331A814EE5001B14ED /* Release */ = {
			isa = XCBuildConfiguration;
			buildSettings = {
				BUNDLE_LOADER = "$(TEST_HOST)";
				FRAMEWORK_SEARCH_PATHS = (
					"$(SDKROOT)/Developer/Library/Frameworks",
					"$(inherited)",
				);
				INFOPLIST_FILE = "JSON DemoTests/Info.plist";
				LD_RUNPATH_SEARCH_PATHS = "$(inherited) @executable_path/Frameworks @loader_path/Frameworks";
				PRODUCT_NAME = "$(TARGET_NAME)";
				TEST_HOST = "$(BUILT_PRODUCTS_DIR)/JSON Demo.app/JSON Demo";
			};
			name = Release;
		};
/* End XCBuildConfiguration section */

/* Begin XCConfigurationList section */
		D811DD0A1A814EE5001B14ED /* Build configuration list for PBXProject "JSON Demo" */ = {
			isa = XCConfigurationList;
			buildConfigurations = (
				D811DD2C1A814EE5001B14ED /* Debug */,
				D811DD2D1A814EE5001B14ED /* Release */,
			);
			defaultConfigurationIsVisible = 0;
			defaultConfigurationName = Release;
		};
		D811DD2E1A814EE5001B14ED /* Build configuration list for PBXNativeTarget "JSON Demo" */ = {
			isa = XCConfigurationList;
			buildConfigurations = (
				D811DD2F1A814EE5001B14ED /* Debug */,
				D811DD301A814EE5001B14ED /* Release */,
			);
			defaultConfigurationIsVisible = 0;
		};
		D811DD311A814EE5001B14ED /* Build configuration list for PBXNativeTarget "JSON DemoTests" */ = {
			isa = XCConfigurationList;
			buildConfigurations = (
				D811DD321A814EE5001B14ED /* Debug */,
				D811DD331A814EE5001B14ED /* Release */,
			);
			defaultConfigurationIsVisible = 0;
		};
/* End XCConfigurationList section */
	};
	rootObject = D811DD071A814EE5001B14ED /* Project object */;
}
