// !$*UTF8*$!
{
	archiveVersion = 1;
	classes = {
	};
	objectVersion = 46;
	objects = {

/* Begin PBXBuildFile section */
		D83649431ADC243500DE6C9A /* AppDelegate.swift in Sources */ = {isa = PBXBuildFile; fileRef = D83649421ADC243500DE6C9A /* AppDelegate.swift */; };
		D83649451ADC243500DE6C9A /* ViewController.swift in Sources */ = {isa = PBXBuildFile; fileRef = D83649441ADC243500DE6C9A /* ViewController.swift */; };
		D83649481ADC243500DE6C9A /* Main.storyboard in Resources */ = {isa = PBXBuildFile; fileRef = D83649461ADC243500DE6C9A /* Main.storyboard */; };
		D836494A1ADC243500DE6C9A /* Images.xcassets in Resources */ = {isa = PBXBuildFile; fileRef = D83649491ADC243500DE6C9A /* Images.xcassets */; };
		D836494D1ADC243500DE6C9A /* LaunchScreen.xib in Resources */ = {isa = PBXBuildFile; fileRef = D836494B1ADC243500DE6C9A /* LaunchScreen.xib */; };
		D83649591ADC243600DE6C9A /* KeyboardTests.swift in Sources */ = {isa = PBXBuildFile; fileRef = D83649581ADC243600DE6C9A /* KeyboardTests.swift */; };
/* End PBXBuildFile section */

/* Begin PBXContainerItemProxy section */
		D83649531ADC243600DE6C9A /* PBXContainerItemProxy */ = {
			isa = PBXContainerItemProxy;
			containerPortal = D83649351ADC243500DE6C9A /* Project object */;
			proxyType = 1;
			remoteGlobalIDString = D836493C1ADC243500DE6C9A;
			remoteInfo = Keyboard;
		};
/* End PBXContainerItemProxy section */

/* Begin PBXFileReference section */
		D836493D1ADC243500DE6C9A /* Keyboard.app */ = {isa = PBXFileReference; explicitFileType = wrapper.application; includeInIndex = 0; path = Keyboard.app; sourceTree = BUILT_PRODUCTS_DIR; };
		D83649411ADC243500DE6C9A /* Info.plist */ = {isa = PBXFileReference; lastKnownFileType = text.plist.xml; path = Info.plist; sourceTree = "<group>"; };
		D83649421ADC243500DE6C9A /* AppDelegate.swift */ = {isa = PBXFileReference; lastKnownFileType = sourcecode.swift; path = AppDelegate.swift; sourceTree = "<group>"; };
		D83649441ADC243500DE6C9A /* ViewController.swift */ = {isa = PBXFileReference; lastKnownFileType = sourcecode.swift; path = ViewController.swift; sourceTree = "<group>"; };
		D83649471ADC243500DE6C9A /* Base */ = {isa = PBXFileReference; lastKnownFileType = file.storyboard; name = Base; path = Base.lproj/Main.storyboard; sourceTree = "<group>"; };
		D83649491ADC243500DE6C9A /* Images.xcassets */ = {isa = PBXFileReference; lastKnownFileType = folder.assetcatalog; path = Images.xcassets; sourceTree = "<group>"; };
		D836494C1ADC243500DE6C9A /* Base */ = {isa = PBXFileReference; lastKnownFileType = file.xib; name = Base; path = Base.lproj/LaunchScreen.xib; sourceTree = "<group>"; };
		D83649521ADC243600DE6C9A /* KeyboardTests.xctest */ = {isa = PBXFileReference; explicitFileType = wrapper.cfbundle; includeInIndex = 0; path = KeyboardTests.xctest; sourceTree = BUILT_PRODUCTS_DIR; };
		D83649571ADC243600DE6C9A /* Info.plist */ = {isa = PBXFileReference; lastKnownFileType = text.plist.xml; path = Info.plist; sourceTree = "<group>"; };
		D83649581ADC243600DE6C9A /* KeyboardTests.swift */ = {isa = PBXFileReference; lastKnownFileType = sourcecode.swift; path = KeyboardTests.swift; sourceTree = "<group>"; };
/* End PBXFileReference section */

/* Begin PBXFrameworksBuildPhase section */
		D836493A1ADC243500DE6C9A /* Frameworks */ = {
			isa = PBXFrameworksBuildPhase;
			buildActionMask = 2147483647;
			files = (
			);
			runOnlyForDeploymentPostprocessing = 0;
		};
		D836494F1ADC243600DE6C9A /* Frameworks */ = {
			isa = PBXFrameworksBuildPhase;
			buildActionMask = 2147483647;
			files = (
			);
			runOnlyForDeploymentPostprocessing = 0;
		};
/* End PBXFrameworksBuildPhase section */

/* Begin PBXGroup section */
		D83649341ADC243500DE6C9A = {
			isa = PBXGroup;
			children = (
				D836493F1ADC243500DE6C9A /* Keyboard */,
				D83649551ADC243600DE6C9A /* KeyboardTests */,
				D836493E1ADC243500DE6C9A /* Products */,
			);
			sourceTree = "<group>";
		};
		D836493E1ADC243500DE6C9A /* Products */ = {
			isa = PBXGroup;
			children = (
				D836493D1ADC243500DE6C9A /* Keyboard.app */,
				D83649521ADC243600DE6C9A /* KeyboardTests.xctest */,
			);
			name = Products;
			sourceTree = "<group>";
		};
		D836493F1ADC243500DE6C9A /* Keyboard */ = {
			isa = PBXGroup;
			children = (
				D83649421ADC243500DE6C9A /* AppDelegate.swift */,
				D83649441ADC243500DE6C9A /* ViewController.swift */,
				D83649461ADC243500DE6C9A /* Main.storyboard */,
				D83649491ADC243500DE6C9A /* Images.xcassets */,
				D836494B1ADC243500DE6C9A /* LaunchScreen.xib */,
				D83649401ADC243500DE6C9A /* Supporting Files */,
			);
			path = Keyboard;
			sourceTree = "<group>";
		};
		D83649401ADC243500DE6C9A /* Supporting Files */ = {
			isa = PBXGroup;
			children = (
				D83649411ADC243500DE6C9A /* Info.plist */,
			);
			name = "Supporting Files";
			sourceTree = "<group>";
		};
		D83649551ADC243600DE6C9A /* KeyboardTests */ = {
			isa = PBXGroup;
			children = (
				D83649581ADC243600DE6C9A /* KeyboardTests.swift */,
				D83649561ADC243600DE6C9A /* Supporting Files */,
			);
			path = KeyboardTests;
			sourceTree = "<group>";
		};
		D83649561ADC243600DE6C9A /* Supporting Files */ = {
			isa = PBXGroup;
			children = (
				D83649571ADC243600DE6C9A /* Info.plist */,
			);
			name = "Supporting Files";
			sourceTree = "<group>";
		};
/* End PBXGroup section */

/* Begin PBXNativeTarget section */
		D836493C1ADC243500DE6C9A /* Keyboard */ = {
			isa = PBXNativeTarget;
			buildConfigurationList = D836495C1ADC243600DE6C9A /* Build configuration list for PBXNativeTarget "Keyboard" */;
			buildPhases = (
				D83649391ADC243500DE6C9A /* Sources */,
				D836493A1ADC243500DE6C9A /* Frameworks */,
				D836493B1ADC243500DE6C9A /* Resources */,
			);
			buildRules = (
			);
			dependencies = (
			);
			name = Keyboard;
			productName = Keyboard;
			productReference = D836493D1ADC243500DE6C9A /* Keyboard.app */;
			productType = "com.apple.product-type.application";
		};
		D83649511ADC243600DE6C9A /* KeyboardTests */ = {
			isa = PBXNativeTarget;
			buildConfigurationList = D836495F1ADC243600DE6C9A /* Build configuration list for PBXNativeTarget "KeyboardTests" */;
			buildPhases = (
				D836494E1ADC243600DE6C9A /* Sources */,
				D836494F1ADC243600DE6C9A /* Frameworks */,
				D83649501ADC243600DE6C9A /* Resources */,
			);
			buildRules = (
			);
			dependencies = (
				D83649541ADC243600DE6C9A /* PBXTargetDependency */,
			);
			name = KeyboardTests;
			productName = KeyboardTests;
			productReference = D83649521ADC243600DE6C9A /* KeyboardTests.xctest */;
			productType = "com.apple.product-type.bundle.unit-test";
		};
/* End PBXNativeTarget section */

/* Begin PBXProject section */
		D83649351ADC243500DE6C9A /* Project object */ = {
			isa = PBXProject;
			attributes = {
				LastUpgradeCheck = 0630;
				ORGANIZATIONNAME = iOSDevelopr;
				TargetAttributes = {
					D836493C1ADC243500DE6C9A = {
						CreatedOnToolsVersion = 6.3;
					};
					D83649511ADC243600DE6C9A = {
						CreatedOnToolsVersion = 6.3;
						TestTargetID = D836493C1ADC243500DE6C9A;
					};
				};
			};
			buildConfigurationList = D83649381ADC243500DE6C9A /* Build configuration list for PBXProject "Keyboard" */;
			compatibilityVersion = "Xcode 3.2";
			developmentRegion = English;
			hasScannedForEncodings = 0;
			knownRegions = (
				en,
				Base,
			);
			mainGroup = D83649341ADC243500DE6C9A;
			productRefGroup = D836493E1ADC243500DE6C9A /* Products */;
			projectDirPath = "";
			projectRoot = "";
			targets = (
				D836493C1ADC243500DE6C9A /* Keyboard */,
				D83649511ADC243600DE6C9A /* KeyboardTests */,
			);
		};
/* End PBXProject section */

/* Begin PBXResourcesBuildPhase section */
		D836493B1ADC243500DE6C9A /* Resources */ = {
			isa = PBXResourcesBuildPhase;
			buildActionMask = 2147483647;
			files = (
				D83649481ADC243500DE6C9A /* Main.storyboard in Resources */,
				D836494D1ADC243500DE6C9A /* LaunchScreen.xib in Resources */,
				D836494A1ADC243500DE6C9A /* Images.xcassets in Resources */,
			);
			runOnlyForDeploymentPostprocessing = 0;
		};
		D83649501ADC243600DE6C9A /* Resources */ = {
			isa = PBXResourcesBuildPhase;
			buildActionMask = 2147483647;
			files = (
			);
			runOnlyForDeploymentPostprocessing = 0;
		};
/* End PBXResourcesBuildPhase section */

/* Begin PBXSourcesBuildPhase section */
		D83649391ADC243500DE6C9A /* Sources */ = {
			isa = PBXSourcesBuildPhase;
			buildActionMask = 2147483647;
			files = (
				D83649451ADC243500DE6C9A /* ViewController.swift in Sources */,
				D83649431ADC243500DE6C9A /* AppDelegate.swift in Sources */,
			);
			runOnlyForDeploymentPostprocessing = 0;
		};
		D836494E1ADC243600DE6C9A /* Sources */ = {
			isa = PBXSourcesBuildPhase;
			buildActionMask = 2147483647;
			files = (
				D83649591ADC243600DE6C9A /* KeyboardTests.swift in Sources */,
			);
			runOnlyForDeploymentPostprocessing = 0;
		};
/* End PBXSourcesBuildPhase section */

/* Begin PBXTargetDependency section */
		D83649541ADC243600DE6C9A /* PBXTargetDependency */ = {
			isa = PBXTargetDependency;
			target = D836493C1ADC243500DE6C9A /* Keyboard */;
			targetProxy = D83649531ADC243600DE6C9A /* PBXContainerItemProxy */;
		};
/* End PBXTargetDependency section */

/* Begin PBXVariantGroup section */
		D83649461ADC243500DE6C9A /* Main.storyboard */ = {
			isa = PBXVariantGroup;
			children = (
				D83649471ADC243500DE6C9A /* Base */,
			);
			name = Main.storyboard;
			sourceTree = "<group>";
		};
		D836494B1ADC243500DE6C9A /* LaunchScreen.xib */ = {
			isa = PBXVariantGroup;
			children = (
				D836494C1ADC243500DE6C9A /* Base */,
			);
			name = LaunchScreen.xib;
			sourceTree = "<group>";
		};
/* End PBXVariantGroup section */

/* Begin XCBuildConfiguration section */
		D836495A1ADC243600DE6C9A /* Debug */ = {
			isa = XCBuildConfiguration;
			buildSettings = {
				ALWAYS_SEARCH_USER_PATHS = NO;
				CLANG_CXX_LANGUAGE_STANDARD = "gnu++0x";
				CLANG_CXX_LIBRARY = "libc++";
				CLANG_ENABLE_MODULES = YES;
				CLANG_ENABLE_OBJC_ARC = YES;
				CLANG_WARN_BOOL_CONVERSION = YES;
				CLANG_WARN_CONSTANT_CONVERSION = YES;
				CLANG_WARN_DIRECT_OBJC_ISA_USAGE = YES_ERROR;
				CLANG_WARN_EMPTY_BODY = YES;
				CLANG_WARN_ENUM_CONVERSION = YES;
				CLANG_WARN_INT_CONVERSION = YES;
				CLANG_WARN_OBJC_ROOT_CLASS = YES_ERROR;
				CLANG_WARN_UNREACHABLE_CODE = YES;
				CLANG_WARN__DUPLICATE_METHOD_MATCH = YES;
				"CODE_SIGN_IDENTITY[sdk=iphoneos*]" = "iPhone Developer";
				COPY_PHASE_STRIP = NO;
				DEBUG_INFORMATION_FORMAT = "dwarf-with-dsym";
				ENABLE_STRICT_OBJC_MSGSEND = YES;
				GCC_C_LANGUAGE_STANDARD = gnu99;
				GCC_DYNAMIC_NO_PIC = NO;
				GCC_NO_COMMON_BLOCKS = YES;
				GCC_OPTIMIZATION_LEVEL = 0;
				GCC_PREPROCESSOR_DEFINITIONS = (
					"DEBUG=1",
					"$(inherited)",
				);
				GCC_SYMBOLS_PRIVATE_EXTERN = NO;
				GCC_WARN_64_TO_32_BIT_CONVERSION = YES;
				GCC_WARN_ABOUT_RETURN_TYPE = YES_ERROR;
				GCC_WARN_UNDECLARED_SELECTOR = YES;
				GCC_WARN_UNINITIALIZED_AUTOS = YES_AGGRESSIVE;
				GCC_WARN_UNUSED_FUNCTION = YES;
				GCC_WARN_UNUSED_VARIABLE = YES;
				IPHONEOS_DEPLOYMENT_TARGET = 8.3;
				MTL_ENABLE_DEBUG_INFO = YES;
				ONLY_ACTIVE_ARCH = YES;
				SDKROOT = iphoneos;
				SWIFT_OPTIMIZATION_LEVEL = "-Onone";
			};
			name = Debug;
		};
		D836495B1ADC243600DE6C9A /* Release */ = {
			isa = XCBuildConfiguration;
			buildSettings = {
				ALWAYS_SEARCH_USER_PATHS = NO;
				CLANG_CXX_LANGUAGE_STANDARD = "gnu++0x";
				CLANG_CXX_LIBRARY = "libc++";
				CLANG_ENABLE_MODULES = YES;
				CLANG_ENABLE_OBJC_ARC = YES;
				CLANG_WARN_BOOL_CONVERSION = YES;
				CLANG_WARN_CONSTANT_CONVERSION = YES;
				CLANG_WARN_DIRECT_OBJC_ISA_USAGE = YES_ERROR;
				CLANG_WARN_EMPTY_BODY = YES;
				CLANG_WARN_ENUM_CONVERSION = YES;
				CLANG_WARN_INT_CONVERSION = YES;
				CLANG_WARN_OBJC_ROOT_CLASS = YES_ERROR;
				CLANG_WARN_UNREACHABLE_CODE = YES;
				CLANG_WARN__DUPLICATE_METHOD_MATCH = YES;
				"CODE_SIGN_IDENTITY[sdk=iphoneos*]" = "iPhone Developer";
				COPY_PHASE_STRIP = NO;
				DEBUG_INFORMATION_FORMAT = "dwarf-with-dsym";
				ENABLE_NS_ASSERTIONS = NO;
				ENABLE_STRICT_OBJC_MSGSEND = YES;
				GCC_C_LANGUAGE_STANDARD = gnu99;
				GCC_NO_COMMON_BLOCKS = YES;
				GCC_WARN_64_TO_32_BIT_CONVERSION = YES;
				GCC_WARN_ABOUT_RETURN_TYPE = YES_ERROR;
				GCC_WARN_UNDECLARED_SELECTOR = YES;
				GCC_WARN_UNINITIALIZED_AUTOS = YES_AGGRESSIVE;
				GCC_WARN_UNUSED_FUNCTION = YES;
				GCC_WARN_UNUSED_VARIABLE = YES;
				IPHONEOS_DEPLOYMENT_TARGET = 8.3;
				MTL_ENABLE_DEBUG_INFO = NO;
				SDKROOT = iphoneos;
				VALIDATE_PRODUCT = YES;
			};
			name = Release;
		};
		D836495D1ADC243600DE6C9A /* Debug */ = {
			isa = XCBuildConfiguration;
			buildSettings = {
				ASSETCATALOG_COMPILER_APPICON_NAME = AppIcon;
				INFOPLIST_FILE = Keyboard/Info.plist;
				LD_RUNPATH_SEARCH_PATHS = "$(inherited) @executable_path/Frameworks";
				PRODUCT_NAME = "$(TARGET_NAME)";
			};
			name = Debug;
		};
		D836495E1ADC243600DE6C9A /* Release */ = {
			isa = XCBuildConfiguration;
			buildSettings = {
				ASSETCATALOG_COMPILER_APPICON_NAME = AppIcon;
				INFOPLIST_FILE = Keyboard/Info.plist;
				LD_RUNPATH_SEARCH_PATHS = "$(inherited) @executable_path/Frameworks";
				PRODUCT_NAME = "$(TARGET_NAME)";
			};
			name = Release;
		};
		D83649601ADC243600DE6C9A /* Debug */ = {
			isa = XCBuildConfiguration;
			buildSettings = {
				BUNDLE_LOADER = "$(TEST_HOST)";
				FRAMEWORK_SEARCH_PATHS = (
					"$(SDKROOT)/Developer/Library/Frameworks",
					"$(inherited)",
				);
				GCC_PREPROCESSOR_DEFINITIONS = (
					"DEBUG=1",
					"$(inherited)",
				);
				INFOPLIST_FILE = KeyboardTests/Info.plist;
				LD_RUNPATH_SEARCH_PATHS = "$(inherited) @executable_path/Frameworks @loader_path/Frameworks";
				PRODUCT_NAME = "$(TARGET_NAME)";
				TEST_HOST = "$(BUILT_PRODUCTS_DIR)/Keyboard.app/Keyboard";
			};
			name = Debug;
		};
		D83649611ADC243600DE6C9A /* Release */ = {
			isa = XCBuildConfiguration;
			buildSettings = {
				BUNDLE_LOADER = "$(TEST_HOST)";
				FRAMEWORK_SEARCH_PATHS = (
					"$(SDKROOT)/Developer/Library/Frameworks",
					"$(inherited)",
				);
				INFOPLIST_FILE = KeyboardTests/Info.plist;
				LD_RUNPATH_SEARCH_PATHS = "$(inherited) @executable_path/Frameworks @loader_path/Frameworks";
				PRODUCT_NAME = "$(TARGET_NAME)";
				TEST_HOST = "$(BUILT_PRODUCTS_DIR)/Keyboard.app/Keyboard";
			};
			name = Release;
		};
/* End XCBuildConfiguration section */

/* Begin XCConfigurationList section */
		D83649381ADC243500DE6C9A /* Build configuration list for PBXProject "Keyboard" */ = {
			isa = XCConfigurationList;
			buildConfigurations = (
				D836495A1ADC243600DE6C9A /* Debug */,
				D836495B1ADC243600DE6C9A /* Release */,
			);
			defaultConfigurationIsVisible = 0;
			defaultConfigurationName = Release;
		};
		D836495C1ADC243600DE6C9A /* Build configuration list for PBXNativeTarget "Keyboard" */ = {
			isa = XCConfigurationList;
			buildConfigurations = (
				D836495D1ADC243600DE6C9A /* Debug */,
				D836495E1ADC243600DE6C9A /* Release */,
			);
			defaultConfigurationIsVisible = 0;
		};
		D836495F1ADC243600DE6C9A /* Build configuration list for PBXNativeTarget "KeyboardTests" */ = {
			isa = XCConfigurationList;
			buildConfigurations = (
				D83649601ADC243600DE6C9A /* Debug */,
				D83649611ADC243600DE6C9A /* Release */,
			);
			defaultConfigurationIsVisible = 0;
		};
/* End XCConfigurationList section */
	};
	rootObject = D83649351ADC243500DE6C9A /* Project object */;
}
